// !$*UTF8*$!
{
	archiveVersion = 1;
	classes = {
	};
	objectVersion = 46;
	objects = {

/* Begin PBXBuildFile section */
		980355041CE599D100F56C61 /* libWeChatSDK.a in Frameworks */ = {isa = PBXBuildFile; fileRef = 980354FF1CE599D100F56C61 /* libWeChatSDK.a */; };
		980355051CE599D100F56C61 /* README.txt in Resources */ = {isa = PBXBuildFile; fileRef = 980355001CE599D100F56C61 /* README.txt */; };
		980355071CE59A0E00F56C61 /* libc++.tbd in Frameworks */ = {isa = PBXBuildFile; fileRef = 980355061CE59A0E00F56C61 /* libc++.tbd */; };
		980355091CE59A1900F56C61 /* libsqlite3.0.tbd in Frameworks */ = {isa = PBXBuildFile; fileRef = 980355081CE59A1900F56C61 /* libsqlite3.0.tbd */; };
		9803550B1CE59DD700F56C61 /* SystemConfiguration.framework in Frameworks */ = {isa = PBXBuildFile; fileRef = 9803550A1CE59DD700F56C61 /* SystemConfiguration.framework */; };
		9803550D1CE59E4600F56C61 /* CoreTelephony.framework in Frameworks */ = {isa = PBXBuildFile; fileRef = 9803550C1CE59E4600F56C61 /* CoreTelephony.framework */; };
		98260B8F1CDADCCF00661A92 /* ATAppUpdater.m in Sources */ = {isa = PBXBuildFile; fileRef = 98260B8E1CDADCCF00661A92 /* ATAppUpdater.m */; };
		98260CB41CDB1B8D00661A92 /* Info.plist in Resources */ = {isa = PBXBuildFile; fileRef = 98260CB11CDB1B8D00661A92 /* Info.plist */; };
		98260CB51CDB1B8D00661A92 /* SCLAlertView.swift in Sources */ = {isa = PBXBuildFile; fileRef = 98260CB21CDB1B8D00661A92 /* SCLAlertView.swift */; };
		98260CB61CDB1B8D00661A92 /* SCLExtensions.swift in Sources */ = {isa = PBXBuildFile; fileRef = 98260CB31CDB1B8D00661A92 /* SCLExtensions.swift */; };
		98264F1A1CF93A0E0028124B /* Localizable.strings in Resources */ = {isa = PBXBuildFile; fileRef = 98264F1C1CF93A0E0028124B /* Localizable.strings */; };
		983DEA461CDA487C00D247C1 /* libUMessage_Sdk_1.2.6.a in Frameworks */ = {isa = PBXBuildFile; fileRef = 983DEA441CDA487C00D247C1 /* libUMessage_Sdk_1.2.6.a */; };
		983DEA471CDA487C00D247C1 /* libUMessage_Sdk_1.2.6.a in Frameworks */ = {isa = PBXBuildFile; fileRef = 983DEA441CDA487C00D247C1 /* libUMessage_Sdk_1.2.6.a */; };
		983DEA481CDA487C00D247C1 /* libUMessage_Sdk_1.2.6.a in Frameworks */ = {isa = PBXBuildFile; fileRef = 983DEA441CDA487C00D247C1 /* libUMessage_Sdk_1.2.6.a */; };
		983DEA511CDA56EE00D247C1 /* libz.tbd in Frameworks */ = {isa = PBXBuildFile; fileRef = 983DEA501CDA56EE00D247C1 /* libz.tbd */; };
		983DEA561CDA57B400D247C1 /* libMobClickLibrary.a in Frameworks */ = {isa = PBXBuildFile; fileRef = 983DEA531CDA57B400D247C1 /* libMobClickLibrary.a */; };
		984F3BF51CEED3A000E9119A /* LTCharacterLimbo.swift in Sources */ = {isa = PBXBuildFile; fileRef = 984F3BE21CEED3A000E9119A /* LTCharacterLimbo.swift */; };
		984F3BF61CEED3A000E9119A /* LTEasing.swift in Sources */ = {isa = PBXBuildFile; fileRef = 984F3BE31CEED3A000E9119A /* LTEasing.swift */; };
		984F3BF71CEED3A000E9119A /* LTEmitterView.swift in Sources */ = {isa = PBXBuildFile; fileRef = 984F3BE41CEED3A000E9119A /* LTEmitterView.swift */; };
		984F3BF81CEED3A000E9119A /* LTMorphingEffect.swift in Sources */ = {isa = PBXBuildFile; fileRef = 984F3BE51CEED3A000E9119A /* LTMorphingEffect.swift */; };
		984F3BF91CEED3A000E9119A /* LTMorphingLabel+Anvil.swift in Sources */ = {isa = PBXBuildFile; fileRef = 984F3BE61CEED3A000E9119A /* LTMorphingLabel+Anvil.swift */; };
		984F3BFA1CEED3A000E9119A /* LTMorphingLabel+Burn.swift in Sources */ = {isa = PBXBuildFile; fileRef = 984F3BE71CEED3A000E9119A /* LTMorphingLabel+Burn.swift */; };
		984F3BFB1CEED3A000E9119A /* LTMorphingLabel+Evaporate.swift in Sources */ = {isa = PBXBuildFile; fileRef = 984F3BE81CEED3A000E9119A /* LTMorphingLabel+Evaporate.swift */; };
		984F3BFC1CEED3A000E9119A /* LTMorphingLabel+Fall.swift in Sources */ = {isa = PBXBuildFile; fileRef = 984F3BE91CEED3A000E9119A /* LTMorphingLabel+Fall.swift */; };
		984F3BFD1CEED3A000E9119A /* LTMorphingLabel+Pixelate.swift in Sources */ = {isa = PBXBuildFile; fileRef = 984F3BEA1CEED3A000E9119A /* LTMorphingLabel+Pixelate.swift */; };
		984F3BFE1CEED3A000E9119A /* LTMorphingLabel+Sparkle.swift in Sources */ = {isa = PBXBuildFile; fileRef = 984F3BEB1CEED3A000E9119A /* LTMorphingLabel+Sparkle.swift */; };
		984F3BFF1CEED3A000E9119A /* LTMorphingLabel.swift in Sources */ = {isa = PBXBuildFile; fileRef = 984F3BED1CEED3A000E9119A /* LTMorphingLabel.swift */; };
		984F3C001CEED3A000E9119A /* NSString+LTMorphingLabel.swift in Sources */ = {isa = PBXBuildFile; fileRef = 984F3BEE1CEED3A000E9119A /* NSString+LTMorphingLabel.swift */; };
		984F3C011CEED3A000E9119A /* Fire.png in Resources */ = {isa = PBXBuildFile; fileRef = 984F3BF01CEED3A000E9119A /* Fire.png */; };
		984F3C021CEED3A000E9119A /* Fragment.png in Resources */ = {isa = PBXBuildFile; fileRef = 984F3BF11CEED3A000E9119A /* Fragment.png */; };
		984F3C031CEED3A000E9119A /* Smoke.png in Resources */ = {isa = PBXBuildFile; fileRef = 984F3BF21CEED3A000E9119A /* Smoke.png */; };
		984F3C041CEED3A000E9119A /* Sparkle.png in Resources */ = {isa = PBXBuildFile; fileRef = 984F3BF31CEED3A000E9119A /* Sparkle.png */; };
		98503E0B1CEDAB8B00894CD3 /* LLAnimationManager.m in Sources */ = {isa = PBXBuildFile; fileRef = 98503E061CEDAB8B00894CD3 /* LLAnimationManager.m */; };
		98503E0C1CEDAB8B00894CD3 /* LLEyesLayer.m in Sources */ = {isa = PBXBuildFile; fileRef = 98503E081CEDAB8B00894CD3 /* LLEyesLayer.m */; };
		98503E0D1CEDAB8B00894CD3 /* LLSwitch.m in Sources */ = {isa = PBXBuildFile; fileRef = 98503E0A1CEDAB8B00894CD3 /* LLSwitch.m */; };
		985889451CE089430005E0D1 /* UMFeedbackLocalizable.strings in Resources */ = {isa = PBXBuildFile; fileRef = 9858891C1CE089430005E0D1 /* UMFeedbackLocalizable.strings */; };
		985889461CE089430005E0D1 /* libUMFeedback.a in Frameworks */ = {isa = PBXBuildFile; fileRef = 9858891E1CE089430005E0D1 /* libUMFeedback.a */; };
		985889471CE089430005E0D1 /* bubble_min@2x.png in Resources */ = {isa = PBXBuildFile; fileRef = 985889201CE089430005E0D1 /* bubble_min@2x.png */; };
		985889481CE089430005E0D1 /* cancel@2x.png in Resources */ = {isa = PBXBuildFile; fileRef = 985889211CE089430005E0D1 /* cancel@2x.png */; };
		985889491CE089430005E0D1 /* microphone@2x.png in Resources */ = {isa = PBXBuildFile; fileRef = 985889221CE089430005E0D1 /* microphone@2x.png */; };
		9858894A1CE089430005E0D1 /* save@2x.png in Resources */ = {isa = PBXBuildFile; fileRef = 985889231CE089430005E0D1 /* save@2x.png */; };
		9858894B1CE089430005E0D1 /* ToolViewInputText@2x.png in Resources */ = {isa = PBXBuildFile; fileRef = 985889241CE089430005E0D1 /* ToolViewInputText@2x.png */; };
		9858894C1CE089430005E0D1 /* ToolViewInputTextHL@2x.png in Resources */ = {isa = PBXBuildFile; fileRef = 985889251CE089430005E0D1 /* ToolViewInputTextHL@2x.png */; };
		9858894D1CE089430005E0D1 /* ToolViewInputVoice@2x.png in Resources */ = {isa = PBXBuildFile; fileRef = 985889261CE089430005E0D1 /* ToolViewInputVoice@2x.png */; };
		9858894E1CE089430005E0D1 /* ToolViewInputVoiceHL@2x.png in Resources */ = {isa = PBXBuildFile; fileRef = 985889271CE089430005E0D1 /* ToolViewInputVoiceHL@2x.png */; };
		9858894F1CE089430005E0D1 /* umeng_add_photo@2x.png in Resources */ = {isa = PBXBuildFile; fileRef = 985889281CE089430005E0D1 /* umeng_add_photo@2x.png */; };
		985889501CE089430005E0D1 /* umeng_fb_audio_dialog_cancel@2x.png in Resources */ = {isa = PBXBuildFile; fileRef = 985889291CE089430005E0D1 /* umeng_fb_audio_dialog_cancel@2x.png */; };
		985889511CE089430005E0D1 /* umeng_fb_audio_dialog_content@2x.png in Resources */ = {isa = PBXBuildFile; fileRef = 9858892A1CE089430005E0D1 /* umeng_fb_audio_dialog_content@2x.png */; };
		985889521CE089430005E0D1 /* umeng_fb_audio_play_01@2x.png in Resources */ = {isa = PBXBuildFile; fileRef = 9858892B1CE089430005E0D1 /* umeng_fb_audio_play_01@2x.png */; };
		985889531CE089430005E0D1 /* umeng_fb_audio_play_02@2x.png in Resources */ = {isa = PBXBuildFile; fileRef = 9858892C1CE089430005E0D1 /* umeng_fb_audio_play_02@2x.png */; };
		985889541CE089430005E0D1 /* umeng_fb_audio_play_03@2x.png in Resources */ = {isa = PBXBuildFile; fileRef = 9858892D1CE089430005E0D1 /* umeng_fb_audio_play_03@2x.png */; };
		985889551CE089430005E0D1 /* umeng_fb_audio_play_default@2x.png in Resources */ = {isa = PBXBuildFile; fileRef = 9858892E1CE089430005E0D1 /* umeng_fb_audio_play_default@2x.png */; };
		985889561CE089430005E0D1 /* UMFeedbackViewController.m in Sources */ = {isa = PBXBuildFile; fileRef = 985889311CE089430005E0D1 /* UMFeedbackViewController.m */; };
		985889571CE089430005E0D1 /* libUMOpus.a in Frameworks */ = {isa = PBXBuildFile; fileRef = 985889341CE089430005E0D1 /* libUMOpus.a */; };
		985889581CE089430005E0D1 /* UMChatTableViewCell.m in Sources */ = {isa = PBXBuildFile; fileRef = 985889391CE089430005E0D1 /* UMChatTableViewCell.m */; };
		985889591CE089430005E0D1 /* UMChatToolBar.m in Sources */ = {isa = PBXBuildFile; fileRef = 9858893B1CE089430005E0D1 /* UMChatToolBar.m */; };
		9858895A1CE089430005E0D1 /* UMFullScreenPhotoView.m in Sources */ = {isa = PBXBuildFile; fileRef = 9858893D1CE089430005E0D1 /* UMFullScreenPhotoView.m */; };
		9858895B1CE089430005E0D1 /* UMPostTableViewCell.m in Sources */ = {isa = PBXBuildFile; fileRef = 9858893F1CE089430005E0D1 /* UMPostTableViewCell.m */; };
		9858895C1CE089430005E0D1 /* UMRadialView.m in Sources */ = {isa = PBXBuildFile; fileRef = 985889411CE089430005E0D1 /* UMRadialView.m */; };
		9858895D1CE089430005E0D1 /* UMTextView.m in Sources */ = {isa = PBXBuildFile; fileRef = 985889431CE089430005E0D1 /* UMTextView.m */; };
		986489211CED87A0006E5CDC /* DZMTextViewPlaceholder.swift in Sources */ = {isa = PBXBuildFile; fileRef = 986489201CED87A0006E5CDC /* DZMTextViewPlaceholder.swift */; };
		989397C11CD9BE4E00079DCF /* AppDelegate.swift in Sources */ = {isa = PBXBuildFile; fileRef = 989397C01CD9BE4E00079DCF /* AppDelegate.swift */; };
		989397C31CD9BE4E00079DCF /* RootViewController.swift in Sources */ = {isa = PBXBuildFile; fileRef = 989397C21CD9BE4E00079DCF /* RootViewController.swift */; };
		989397C61CD9BE4E00079DCF /* Main.storyboard in Resources */ = {isa = PBXBuildFile; fileRef = 989397C41CD9BE4E00079DCF /* Main.storyboard */; };
		989397C81CD9BE4E00079DCF /* Assets.xcassets in Resources */ = {isa = PBXBuildFile; fileRef = 989397C71CD9BE4E00079DCF /* Assets.xcassets */; };
		989397CB1CD9BE4E00079DCF /* LaunchScreen.storyboard in Resources */ = {isa = PBXBuildFile; fileRef = 989397C91CD9BE4E00079DCF /* LaunchScreen.storyboard */; };
		989397D61CD9BE4E00079DCF /* UTests.swift in Sources */ = {isa = PBXBuildFile; fileRef = 989397D51CD9BE4E00079DCF /* UTests.swift */; };
		989397E11CD9BE4E00079DCF /* UUITests.swift in Sources */ = {isa = PBXBuildFile; fileRef = 989397E01CD9BE4E00079DCF /* UUITests.swift */; };
		989397F21CD9BE9C00079DCF /* GlitchLabel.swift in Sources */ = {isa = PBXBuildFile; fileRef = 989397F11CD9BE9C00079DCF /* GlitchLabel.swift */; };
		989397F31CD9BE9C00079DCF /* GlitchLabel.swift in Sources */ = {isa = PBXBuildFile; fileRef = 989397F11CD9BE9C00079DCF /* GlitchLabel.swift */; };
		989397F41CD9BE9C00079DCF /* GlitchLabel.swift in Sources */ = {isa = PBXBuildFile; fileRef = 989397F11CD9BE9C00079DCF /* GlitchLabel.swift */; };
		989397F61CD9D9D400079DCF /* MainNavigationController.swift in Sources */ = {isa = PBXBuildFile; fileRef = 989397F51CD9D9D400079DCF /* MainNavigationController.swift */; };
		989397F71CD9D9D400079DCF /* MainNavigationController.swift in Sources */ = {isa = PBXBuildFile; fileRef = 989397F51CD9D9D400079DCF /* MainNavigationController.swift */; };
		989397F81CD9D9D400079DCF /* MainNavigationController.swift in Sources */ = {isa = PBXBuildFile; fileRef = 989397F51CD9D9D400079DCF /* MainNavigationController.swift */; };
		989397FC1CD9E57600079DCF /* PathMenu.swift in Sources */ = {isa = PBXBuildFile; fileRef = 989397FA1CD9E57600079DCF /* PathMenu.swift */; };
		989397FD1CD9E57600079DCF /* PathMenu.swift in Sources */ = {isa = PBXBuildFile; fileRef = 989397FA1CD9E57600079DCF /* PathMenu.swift */; };
		989397FE1CD9E57600079DCF /* PathMenu.swift in Sources */ = {isa = PBXBuildFile; fileRef = 989397FA1CD9E57600079DCF /* PathMenu.swift */; };
		989397FF1CD9E57600079DCF /* PathMenuItem.swift in Sources */ = {isa = PBXBuildFile; fileRef = 989397FB1CD9E57600079DCF /* PathMenuItem.swift */; };
		989398001CD9E57600079DCF /* PathMenuItem.swift in Sources */ = {isa = PBXBuildFile; fileRef = 989397FB1CD9E57600079DCF /* PathMenuItem.swift */; };
		989398011CD9E57600079DCF /* PathMenuItem.swift in Sources */ = {isa = PBXBuildFile; fileRef = 989397FB1CD9E57600079DCF /* PathMenuItem.swift */; };
		9893980D1CD9EEB100079DCF /* MyVoiceViewController.swift in Sources */ = {isa = PBXBuildFile; fileRef = 9893980B1CD9EEB100079DCF /* MyVoiceViewController.swift */; };
		9893980E1CD9EEB100079DCF /* MyVoiceViewController.swift in Sources */ = {isa = PBXBuildFile; fileRef = 9893980B1CD9EEB100079DCF /* MyVoiceViewController.swift */; };
		9893980F1CD9EEB100079DCF /* MyVoiceViewController.swift in Sources */ = {isa = PBXBuildFile; fileRef = 9893980B1CD9EEB100079DCF /* MyVoiceViewController.swift */; };
		989398101CD9EEB100079DCF /* MyVoiceViewController.xib in Resources */ = {isa = PBXBuildFile; fileRef = 9893980C1CD9EEB100079DCF /* MyVoiceViewController.xib */; };
		989398111CD9EEB100079DCF /* MyVoiceViewController.xib in Resources */ = {isa = PBXBuildFile; fileRef = 9893980C1CD9EEB100079DCF /* MyVoiceViewController.xib */; };
		989398121CD9EEB100079DCF /* MyVoiceViewController.xib in Resources */ = {isa = PBXBuildFile; fileRef = 9893980C1CD9EEB100079DCF /* MyVoiceViewController.xib */; };
		9893981B1CDA04AB00079DCF /* MeViewController.swift in Sources */ = {isa = PBXBuildFile; fileRef = 989398191CDA04AB00079DCF /* MeViewController.swift */; };
		9893981C1CDA04AB00079DCF /* MeViewController.swift in Sources */ = {isa = PBXBuildFile; fileRef = 989398191CDA04AB00079DCF /* MeViewController.swift */; };
		9893981D1CDA04AB00079DCF /* MeViewController.swift in Sources */ = {isa = PBXBuildFile; fileRef = 989398191CDA04AB00079DCF /* MeViewController.swift */; };
		9893981E1CDA04AB00079DCF /* MeViewController.xib in Resources */ = {isa = PBXBuildFile; fileRef = 9893981A1CDA04AB00079DCF /* MeViewController.xib */; };
		9893981F1CDA04AB00079DCF /* MeViewController.xib in Resources */ = {isa = PBXBuildFile; fileRef = 9893981A1CDA04AB00079DCF /* MeViewController.xib */; };
		989398201CDA04AB00079DCF /* MeViewController.xib in Resources */ = {isa = PBXBuildFile; fileRef = 9893981A1CDA04AB00079DCF /* MeViewController.xib */; };
		98B7865C1CFEA97F00576C4F /* heart.png in Resources */ = {isa = PBXBuildFile; fileRef = 98B786581CFEA97F00576C4F /* heart.png */; };
		98B7865D1CFEA97F00576C4F /* heartBorder.png in Resources */ = {isa = PBXBuildFile; fileRef = 98B786591CFEA97F00576C4F /* heartBorder.png */; };
		98B7865E1CFEA97F00576C4F /* HeartView.swift in Sources */ = {isa = PBXBuildFile; fileRef = 98B7865A1CFEA97F00576C4F /* HeartView.swift */; };
		98B7865F1CFEA97F00576C4F /* Helpers.swift in Sources */ = {isa = PBXBuildFile; fileRef = 98B7865B1CFEA97F00576C4F /* Helpers.swift */; };
		98E87F0F1CF0DEB600B16A31 /* GLViewController.swift in Sources */ = {isa = PBXBuildFile; fileRef = 98E87F0D1CF0DEB600B16A31 /* GLViewController.swift */; };
		98E87F101CF0DEB600B16A31 /* GLViewController.xib in Resources */ = {isa = PBXBuildFile; fileRef = 98E87F0E1CF0DEB600B16A31 /* GLViewController.xib */; };
		98E87F141CF0E7DE00B16A31 /* LSEmojiFly.m in Sources */ = {isa = PBXBuildFile; fileRef = 98E87F131CF0E7DE00B16A31 /* LSEmojiFly.m */; };
/* End PBXBuildFile section */

/* Begin PBXContainerItemProxy section */
		989397D21CD9BE4E00079DCF /* PBXContainerItemProxy */ = {
			isa = PBXContainerItemProxy;
			containerPortal = 989397B51CD9BE4E00079DCF /* Project object */;
			proxyType = 1;
			remoteGlobalIDString = 989397BC1CD9BE4E00079DCF;
			remoteInfo = U;
		};
		989397DD1CD9BE4E00079DCF /* PBXContainerItemProxy */ = {
			isa = PBXContainerItemProxy;
			containerPortal = 989397B51CD9BE4E00079DCF /* Project object */;
			proxyType = 1;
			remoteGlobalIDString = 989397BC1CD9BE4E00079DCF;
			remoteInfo = U;
		};
/* End PBXContainerItemProxy section */

/* Begin PBXFileReference section */
		980354FF1CE599D100F56C61 /* libWeChatSDK.a */ = {isa = PBXFileReference; lastKnownFileType = archive.ar; path = libWeChatSDK.a; sourceTree = "<group>"; };
		980355001CE599D100F56C61 /* README.txt */ = {isa = PBXFileReference; fileEncoding = 4; lastKnownFileType = text; path = README.txt; sourceTree = "<group>"; };
		980355011CE599D100F56C61 /* WechatAuthSDK.h */ = {isa = PBXFileReference; fileEncoding = 4; lastKnownFileType = sourcecode.c.h; path = WechatAuthSDK.h; sourceTree = "<group>"; };
		980355021CE599D100F56C61 /* WXApi.h */ = {isa = PBXFileReference; fileEncoding = 4; lastKnownFileType = sourcecode.c.h; path = WXApi.h; sourceTree = "<group>"; };
		980355031CE599D100F56C61 /* WXApiObject.h */ = {isa = PBXFileReference; fileEncoding = 4; lastKnownFileType = sourcecode.c.h; path = WXApiObject.h; sourceTree = "<group>"; };
		980355061CE59A0E00F56C61 /* libc++.tbd */ = {isa = PBXFileReference; lastKnownFileType = "sourcecode.text-based-dylib-definition"; name = "libc++.tbd"; path = "usr/lib/libc++.tbd"; sourceTree = SDKROOT; };
		980355081CE59A1900F56C61 /* libsqlite3.0.tbd */ = {isa = PBXFileReference; lastKnownFileType = "sourcecode.text-based-dylib-definition"; name = libsqlite3.0.tbd; path = usr/lib/libsqlite3.0.tbd; sourceTree = SDKROOT; };
		9803550A1CE59DD700F56C61 /* SystemConfiguration.framework */ = {isa = PBXFileReference; lastKnownFileType = wrapper.framework; name = SystemConfiguration.framework; path = System/Library/Frameworks/SystemConfiguration.framework; sourceTree = SDKROOT; };
		9803550C1CE59E4600F56C61 /* CoreTelephony.framework */ = {isa = PBXFileReference; lastKnownFileType = wrapper.framework; name = CoreTelephony.framework; path = System/Library/Frameworks/CoreTelephony.framework; sourceTree = SDKROOT; };
		98260B8D1CDADCCF00661A92 /* ATAppUpdater.h */ = {isa = PBXFileReference; fileEncoding = 4; lastKnownFileType = sourcecode.c.h; path = ATAppUpdater.h; sourceTree = "<group>"; };
		98260B8E1CDADCCF00661A92 /* ATAppUpdater.m */ = {isa = PBXFileReference; fileEncoding = 4; lastKnownFileType = sourcecode.c.objc; path = ATAppUpdater.m; sourceTree = "<group>"; };
		98260CB11CDB1B8D00661A92 /* Info.plist */ = {isa = PBXFileReference; fileEncoding = 4; lastKnownFileType = text.plist.xml; path = Info.plist; sourceTree = "<group>"; };
		98260CB21CDB1B8D00661A92 /* SCLAlertView.swift */ = {isa = PBXFileReference; fileEncoding = 4; lastKnownFileType = sourcecode.swift; path = SCLAlertView.swift; sourceTree = "<group>"; };
		98260CB31CDB1B8D00661A92 /* SCLExtensions.swift */ = {isa = PBXFileReference; fileEncoding = 4; lastKnownFileType = sourcecode.swift; path = SCLExtensions.swift; sourceTree = "<group>"; };
		98264F121CF937C60028124B /* zh-Hant */ = {isa = PBXFileReference; lastKnownFileType = file.storyboard; name = "zh-Hant"; path = "zh-Hant.lproj/Main.storyboard"; sourceTree = "<group>"; };
		98264F131CF937C60028124B /* ja */ = {isa = PBXFileReference; lastKnownFileType = file.storyboard; name = ja; path = ja.lproj/Main.storyboard; sourceTree = "<group>"; };
		98264F141CF937C60028124B /* ko */ = {isa = PBXFileReference; lastKnownFileType = file.storyboard; name = ko; path = ko.lproj/Main.storyboard; sourceTree = "<group>"; };
		98264F151CF937C60028124B /* zh-Hans */ = {isa = PBXFileReference; lastKnownFileType = file.storyboard; name = "zh-Hans"; path = "zh-Hans.lproj/Main.storyboard"; sourceTree = "<group>"; };
		98264F171CF937C90028124B /* en */ = {isa = PBXFileReference; lastKnownFileType = file.storyboard; name = en; path = en.lproj/Main.storyboard; sourceTree = "<group>"; };
		98264F1B1CF93A0E0028124B /* en */ = {isa = PBXFileReference; lastKnownFileType = text.plist.strings; name = en; path = en.lproj/Localizable.strings; sourceTree = "<group>"; };
		98264F1D1CF93A100028124B /* zh-Hans */ = {isa = PBXFileReference; lastKnownFileType = text.plist.strings; name = "zh-Hans"; path = "zh-Hans.lproj/Localizable.strings"; sourceTree = "<group>"; };
		98264F1E1CF93A110028124B /* zh-Hant */ = {isa = PBXFileReference; lastKnownFileType = text.plist.strings; name = "zh-Hant"; path = "zh-Hant.lproj/Localizable.strings"; sourceTree = "<group>"; };
		98264F1F1CF93A120028124B /* ja */ = {isa = PBXFileReference; lastKnownFileType = text.plist.strings; name = ja; path = ja.lproj/Localizable.strings; sourceTree = "<group>"; };
		98264F201CF93A140028124B /* ko */ = {isa = PBXFileReference; lastKnownFileType = text.plist.strings; name = ko; path = ko.lproj/Localizable.strings; sourceTree = "<group>"; };
		983DEA3B1CDA47B300D247C1 /* U-Bridging-Header.h */ = {isa = PBXFileReference; lastKnownFileType = sourcecode.c.h; path = "U-Bridging-Header.h"; sourceTree = "<group>"; };
		983DEA441CDA487C00D247C1 /* libUMessage_Sdk_1.2.6.a */ = {isa = PBXFileReference; lastKnownFileType = archive.ar; path = libUMessage_Sdk_1.2.6.a; sourceTree = "<group>"; };
		983DEA451CDA487C00D247C1 /* UMessage.h */ = {isa = PBXFileReference; fileEncoding = 4; lastKnownFileType = sourcecode.c.h; path = UMessage.h; sourceTree = "<group>"; };
		983DEA501CDA56EE00D247C1 /* libz.tbd */ = {isa = PBXFileReference; lastKnownFileType = "sourcecode.text-based-dylib-definition"; name = libz.tbd; path = usr/lib/libz.tbd; sourceTree = SDKROOT; };
		983DEA531CDA57B400D247C1 /* libMobClickLibrary.a */ = {isa = PBXFileReference; lastKnownFileType = archive.ar; path = libMobClickLibrary.a; sourceTree = "<group>"; };
		983DEA541CDA57B400D247C1 /* MobClick.h */ = {isa = PBXFileReference; fileEncoding = 4; lastKnownFileType = sourcecode.c.h; path = MobClick.h; sourceTree = "<group>"; };
		983DEA551CDA57B400D247C1 /* MobClickSocialAnalytics.h */ = {isa = PBXFileReference; fileEncoding = 4; lastKnownFileType = sourcecode.c.h; path = MobClickSocialAnalytics.h; sourceTree = "<group>"; };
		984F3BE21CEED3A000E9119A /* LTCharacterLimbo.swift */ = {isa = PBXFileReference; fileEncoding = 4; lastKnownFileType = sourcecode.swift; path = LTCharacterLimbo.swift; sourceTree = "<group>"; };
		984F3BE31CEED3A000E9119A /* LTEasing.swift */ = {isa = PBXFileReference; fileEncoding = 4; lastKnownFileType = sourcecode.swift; path = LTEasing.swift; sourceTree = "<group>"; };
		984F3BE41CEED3A000E9119A /* LTEmitterView.swift */ = {isa = PBXFileReference; fileEncoding = 4; lastKnownFileType = sourcecode.swift; path = LTEmitterView.swift; sourceTree = "<group>"; };
		984F3BE51CEED3A000E9119A /* LTMorphingEffect.swift */ = {isa = PBXFileReference; fileEncoding = 4; lastKnownFileType = sourcecode.swift; path = LTMorphingEffect.swift; sourceTree = "<group>"; };
		984F3BE61CEED3A000E9119A /* LTMorphingLabel+Anvil.swift */ = {isa = PBXFileReference; fileEncoding = 4; lastKnownFileType = sourcecode.swift; path = "LTMorphingLabel+Anvil.swift"; sourceTree = "<group>"; };
		984F3BE71CEED3A000E9119A /* LTMorphingLabel+Burn.swift */ = {isa = PBXFileReference; fileEncoding = 4; lastKnownFileType = sourcecode.swift; path = "LTMorphingLabel+Burn.swift"; sourceTree = "<group>"; };
		984F3BE81CEED3A000E9119A /* LTMorphingLabel+Evaporate.swift */ = {isa = PBXFileReference; fileEncoding = 4; lastKnownFileType = sourcecode.swift; path = "LTMorphingLabel+Evaporate.swift"; sourceTree = "<group>"; };
		984F3BE91CEED3A000E9119A /* LTMorphingLabel+Fall.swift */ = {isa = PBXFileReference; fileEncoding = 4; lastKnownFileType = sourcecode.swift; path = "LTMorphingLabel+Fall.swift"; sourceTree = "<group>"; };
		984F3BEA1CEED3A000E9119A /* LTMorphingLabel+Pixelate.swift */ = {isa = PBXFileReference; fileEncoding = 4; lastKnownFileType = sourcecode.swift; path = "LTMorphingLabel+Pixelate.swift"; sourceTree = "<group>"; };
		984F3BEB1CEED3A000E9119A /* LTMorphingLabel+Sparkle.swift */ = {isa = PBXFileReference; fileEncoding = 4; lastKnownFileType = sourcecode.swift; path = "LTMorphingLabel+Sparkle.swift"; sourceTree = "<group>"; };
		984F3BEC1CEED3A000E9119A /* LTMorphingLabel.h */ = {isa = PBXFileReference; fileEncoding = 4; lastKnownFileType = sourcecode.c.h; path = LTMorphingLabel.h; sourceTree = "<group>"; };
		984F3BED1CEED3A000E9119A /* LTMorphingLabel.swift */ = {isa = PBXFileReference; fileEncoding = 4; lastKnownFileType = sourcecode.swift; path = LTMorphingLabel.swift; sourceTree = "<group>"; };
		984F3BEE1CEED3A000E9119A /* NSString+LTMorphingLabel.swift */ = {isa = PBXFileReference; fileEncoding = 4; lastKnownFileType = sourcecode.swift; path = "NSString+LTMorphingLabel.swift"; sourceTree = "<group>"; };
		984F3BF01CEED3A000E9119A /* Fire.png */ = {isa = PBXFileReference; lastKnownFileType = image.png; path = Fire.png; sourceTree = "<group>"; };
		984F3BF11CEED3A000E9119A /* Fragment.png */ = {isa = PBXFileReference; lastKnownFileType = image.png; path = Fragment.png; sourceTree = "<group>"; };
		984F3BF21CEED3A000E9119A /* Smoke.png */ = {isa = PBXFileReference; lastKnownFileType = image.png; path = Smoke.png; sourceTree = "<group>"; };
		984F3BF31CEED3A000E9119A /* Sparkle.png */ = {isa = PBXFileReference; lastKnownFileType = image.png; path = Sparkle.png; sourceTree = "<group>"; };
		98503E051CEDAB8B00894CD3 /* LLAnimationManager.h */ = {isa = PBXFileReference; fileEncoding = 4; lastKnownFileType = sourcecode.c.h; path = LLAnimationManager.h; sourceTree = "<group>"; };
		98503E061CEDAB8B00894CD3 /* LLAnimationManager.m */ = {isa = PBXFileReference; fileEncoding = 4; lastKnownFileType = sourcecode.c.objc; path = LLAnimationManager.m; sourceTree = "<group>"; };
		98503E071CEDAB8B00894CD3 /* LLEyesLayer.h */ = {isa = PBXFileReference; fileEncoding = 4; lastKnownFileType = sourcecode.c.h; path = LLEyesLayer.h; sourceTree = "<group>"; };
		98503E081CEDAB8B00894CD3 /* LLEyesLayer.m */ = {isa = PBXFileReference; fileEncoding = 4; lastKnownFileType = sourcecode.c.objc; path = LLEyesLayer.m; sourceTree = "<group>"; };
		98503E091CEDAB8B00894CD3 /* LLSwitch.h */ = {isa = PBXFileReference; fileEncoding = 4; lastKnownFileType = sourcecode.c.h; path = LLSwitch.h; sourceTree = "<group>"; };
		98503E0A1CEDAB8B00894CD3 /* LLSwitch.m */ = {isa = PBXFileReference; fileEncoding = 4; lastKnownFileType = sourcecode.c.objc; path = LLSwitch.m; sourceTree = "<group>"; };
		9858891D1CE089430005E0D1 /* Base */ = {isa = PBXFileReference; lastKnownFileType = text.plist.strings; name = Base; path = Base.lproj/UMFeedbackLocalizable.strings; sourceTree = "<group>"; };
		9858891E1CE089430005E0D1 /* libUMFeedback.a */ = {isa = PBXFileReference; lastKnownFileType = archive.ar; path = libUMFeedback.a; sourceTree = "<group>"; };
		985889201CE089430005E0D1 /* bubble_min@2x.png */ = {isa = PBXFileReference; lastKnownFileType = image.png; path = "bubble_min@2x.png"; sourceTree = "<group>"; };
		985889211CE089430005E0D1 /* cancel@2x.png */ = {isa = PBXFileReference; lastKnownFileType = image.png; path = "cancel@2x.png"; sourceTree = "<group>"; };
		985889221CE089430005E0D1 /* microphone@2x.png */ = {isa = PBXFileReference; lastKnownFileType = image.png; path = "microphone@2x.png"; sourceTree = "<group>"; };
		985889231CE089430005E0D1 /* save@2x.png */ = {isa = PBXFileReference; lastKnownFileType = image.png; path = "save@2x.png"; sourceTree = "<group>"; };
		985889241CE089430005E0D1 /* ToolViewInputText@2x.png */ = {isa = PBXFileReference; lastKnownFileType = image.png; path = "ToolViewInputText@2x.png"; sourceTree = "<group>"; };
		985889251CE089430005E0D1 /* ToolViewInputTextHL@2x.png */ = {isa = PBXFileReference; lastKnownFileType = image.png; path = "ToolViewInputTextHL@2x.png"; sourceTree = "<group>"; };
		985889261CE089430005E0D1 /* ToolViewInputVoice@2x.png */ = {isa = PBXFileReference; lastKnownFileType = image.png; path = "ToolViewInputVoice@2x.png"; sourceTree = "<group>"; };
		985889271CE089430005E0D1 /* ToolViewInputVoiceHL@2x.png */ = {isa = PBXFileReference; lastKnownFileType = image.png; path = "ToolViewInputVoiceHL@2x.png"; sourceTree = "<group>"; };
		985889281CE089430005E0D1 /* umeng_add_photo@2x.png */ = {isa = PBXFileReference; lastKnownFileType = image.png; path = "umeng_add_photo@2x.png"; sourceTree = "<group>"; };
		985889291CE089430005E0D1 /* umeng_fb_audio_dialog_cancel@2x.png */ = {isa = PBXFileReference; lastKnownFileType = image.png; path = "umeng_fb_audio_dialog_cancel@2x.png"; sourceTree = "<group>"; };
		9858892A1CE089430005E0D1 /* umeng_fb_audio_dialog_content@2x.png */ = {isa = PBXFileReference; lastKnownFileType = image.png; path = "umeng_fb_audio_dialog_content@2x.png"; sourceTree = "<group>"; };
		9858892B1CE089430005E0D1 /* umeng_fb_audio_play_01@2x.png */ = {isa = PBXFileReference; lastKnownFileType = image.png; path = "umeng_fb_audio_play_01@2x.png"; sourceTree = "<group>"; };
		9858892C1CE089430005E0D1 /* umeng_fb_audio_play_02@2x.png */ = {isa = PBXFileReference; lastKnownFileType = image.png; path = "umeng_fb_audio_play_02@2x.png"; sourceTree = "<group>"; };
		9858892D1CE089430005E0D1 /* umeng_fb_audio_play_03@2x.png */ = {isa = PBXFileReference; lastKnownFileType = image.png; path = "umeng_fb_audio_play_03@2x.png"; sourceTree = "<group>"; };
		9858892E1CE089430005E0D1 /* umeng_fb_audio_play_default@2x.png */ = {isa = PBXFileReference; lastKnownFileType = image.png; path = "umeng_fb_audio_play_default@2x.png"; sourceTree = "<group>"; };
		9858892F1CE089430005E0D1 /* UMFeedback.h */ = {isa = PBXFileReference; fileEncoding = 4; lastKnownFileType = sourcecode.c.h; path = UMFeedback.h; sourceTree = "<group>"; };
		985889301CE089430005E0D1 /* UMFeedbackViewController.h */ = {isa = PBXFileReference; fileEncoding = 4; lastKnownFileType = sourcecode.c.h; path = UMFeedbackViewController.h; sourceTree = "<group>"; };
		985889311CE089430005E0D1 /* UMFeedbackViewController.m */ = {isa = PBXFileReference; fileEncoding = 4; lastKnownFileType = sourcecode.c.objc; path = UMFeedbackViewController.m; sourceTree = "<group>"; };
		985889321CE089430005E0D1 /* UMOpenMacros.h */ = {isa = PBXFileReference; fileEncoding = 4; lastKnownFileType = sourcecode.c.h; path = UMOpenMacros.h; sourceTree = "<group>"; };
		985889341CE089430005E0D1 /* libUMOpus.a */ = {isa = PBXFileReference; lastKnownFileType = archive.ar; path = libUMOpus.a; sourceTree = "<group>"; };
		985889351CE089430005E0D1 /* UMOpus.h */ = {isa = PBXFileReference; fileEncoding = 4; lastKnownFileType = sourcecode.c.h; path = UMOpus.h; sourceTree = "<group>"; };
		985889361CE089430005E0D1 /* UMRecorder.h */ = {isa = PBXFileReference; fileEncoding = 4; lastKnownFileType = sourcecode.c.h; path = UMRecorder.h; sourceTree = "<group>"; };
		985889381CE089430005E0D1 /* UMChatTableViewCell.h */ = {isa = PBXFileReference; fileEncoding = 4; lastKnownFileType = sourcecode.c.h; path = UMChatTableViewCell.h; sourceTree = "<group>"; };
		985889391CE089430005E0D1 /* UMChatTableViewCell.m */ = {isa = PBXFileReference; fileEncoding = 4; lastKnownFileType = sourcecode.c.objc; path = UMChatTableViewCell.m; sourceTree = "<group>"; };
		9858893A1CE089430005E0D1 /* UMChatToolBar.h */ = {isa = PBXFileReference; fileEncoding = 4; lastKnownFileType = sourcecode.c.h; path = UMChatToolBar.h; sourceTree = "<group>"; };
		9858893B1CE089430005E0D1 /* UMChatToolBar.m */ = {isa = PBXFileReference; fileEncoding = 4; lastKnownFileType = sourcecode.c.objc; path = UMChatToolBar.m; sourceTree = "<group>"; };
		9858893C1CE089430005E0D1 /* UMFullScreenPhotoView.h */ = {isa = PBXFileReference; fileEncoding = 4; lastKnownFileType = sourcecode.c.h; path = UMFullScreenPhotoView.h; sourceTree = "<group>"; };
		9858893D1CE089430005E0D1 /* UMFullScreenPhotoView.m */ = {isa = PBXFileReference; fileEncoding = 4; lastKnownFileType = sourcecode.c.objc; path = UMFullScreenPhotoView.m; sourceTree = "<group>"; };
		9858893E1CE089430005E0D1 /* UMPostTableViewCell.h */ = {isa = PBXFileReference; fileEncoding = 4; lastKnownFileType = sourcecode.c.h; path = UMPostTableViewCell.h; sourceTree = "<group>"; };
		9858893F1CE089430005E0D1 /* UMPostTableViewCell.m */ = {isa = PBXFileReference; fileEncoding = 4; lastKnownFileType = sourcecode.c.objc; path = UMPostTableViewCell.m; sourceTree = "<group>"; };
		985889401CE089430005E0D1 /* UMRadialView.h */ = {isa = PBXFileReference; fileEncoding = 4; lastKnownFileType = sourcecode.c.h; path = UMRadialView.h; sourceTree = "<group>"; };
		985889411CE089430005E0D1 /* UMRadialView.m */ = {isa = PBXFileReference; fileEncoding = 4; lastKnownFileType = sourcecode.c.objc; path = UMRadialView.m; sourceTree = "<group>"; };
		985889421CE089430005E0D1 /* UMTextView.h */ = {isa = PBXFileReference; fileEncoding = 4; lastKnownFileType = sourcecode.c.h; path = UMTextView.h; sourceTree = "<group>"; };
		985889431CE089430005E0D1 /* UMTextView.m */ = {isa = PBXFileReference; fileEncoding = 4; lastKnownFileType = sourcecode.c.objc; path = UMTextView.m; sourceTree = "<group>"; };
		985889441CE089430005E0D1 /* zh-Hans */ = {isa = PBXFileReference; lastKnownFileType = text.plist.strings; name = "zh-Hans"; path = "zh-Hans.lproj/UMFeedbackLocalizable.strings"; sourceTree = "<group>"; };
		986489201CED87A0006E5CDC /* DZMTextViewPlaceholder.swift */ = {isa = PBXFileReference; fileEncoding = 4; lastKnownFileType = sourcecode.swift; path = DZMTextViewPlaceholder.swift; sourceTree = "<group>"; };
		986C26BD1CF85C8F003D3D3D /* zh-Hant */ = {isa = PBXFileReference; lastKnownFileType = text.plist.strings; name = "zh-Hant"; path = "zh-Hant.lproj/LaunchScreen.strings"; sourceTree = "<group>"; };
		986C26BE1CF85C8F003D3D3D /* zh-Hant */ = {isa = PBXFileReference; lastKnownFileType = text.plist.strings; name = "zh-Hant"; path = "zh-Hant.lproj/UMFeedbackLocalizable.strings"; sourceTree = "<group>"; };
		986C26C01CF85C9B003D3D3D /* ja */ = {isa = PBXFileReference; lastKnownFileType = text.plist.strings; name = ja; path = ja.lproj/LaunchScreen.strings; sourceTree = "<group>"; };
		986C26C11CF85C9B003D3D3D /* ja */ = {isa = PBXFileReference; lastKnownFileType = text.plist.strings; name = ja; path = ja.lproj/UMFeedbackLocalizable.strings; sourceTree = "<group>"; };
		986C26C31CF85CA0003D3D3D /* ko */ = {isa = PBXFileReference; lastKnownFileType = text.plist.strings; name = ko; path = ko.lproj/LaunchScreen.strings; sourceTree = "<group>"; };
		986C26C41CF85CA0003D3D3D /* ko */ = {isa = PBXFileReference; lastKnownFileType = text.plist.strings; name = ko; path = ko.lproj/UMFeedbackLocalizable.strings; sourceTree = "<group>"; };
		989397BD1CD9BE4E00079DCF /* U.app */ = {isa = PBXFileReference; explicitFileType = wrapper.application; includeInIndex = 0; path = U.app; sourceTree = BUILT_PRODUCTS_DIR; };
		989397C01CD9BE4E00079DCF /* AppDelegate.swift */ = {isa = PBXFileReference; lastKnownFileType = sourcecode.swift; path = AppDelegate.swift; sourceTree = "<group>"; };
		989397C21CD9BE4E00079DCF /* RootViewController.swift */ = {isa = PBXFileReference; lastKnownFileType = sourcecode.swift; path = RootViewController.swift; sourceTree = "<group>"; };
		989397C71CD9BE4E00079DCF /* Assets.xcassets */ = {isa = PBXFileReference; lastKnownFileType = folder.assetcatalog; path = Assets.xcassets; sourceTree = "<group>"; };
		989397CA1CD9BE4E00079DCF /* Base */ = {isa = PBXFileReference; lastKnownFileType = file.storyboard; name = Base; path = Base.lproj/LaunchScreen.storyboard; sourceTree = "<group>"; };
		989397CC1CD9BE4E00079DCF /* Info.plist */ = {isa = PBXFileReference; lastKnownFileType = text.plist.xml; path = Info.plist; sourceTree = "<group>"; };
		989397D11CD9BE4E00079DCF /* UTests.xctest */ = {isa = PBXFileReference; explicitFileType = wrapper.cfbundle; includeInIndex = 0; path = UTests.xctest; sourceTree = BUILT_PRODUCTS_DIR; };
		989397D51CD9BE4E00079DCF /* UTests.swift */ = {isa = PBXFileReference; lastKnownFileType = sourcecode.swift; path = UTests.swift; sourceTree = "<group>"; };
		989397D71CD9BE4E00079DCF /* Info.plist */ = {isa = PBXFileReference; lastKnownFileType = text.plist.xml; path = Info.plist; sourceTree = "<group>"; };
		989397DC1CD9BE4E00079DCF /* UUITests.xctest */ = {isa = PBXFileReference; explicitFileType = wrapper.cfbundle; includeInIndex = 0; path = UUITests.xctest; sourceTree = BUILT_PRODUCTS_DIR; };
		989397E01CD9BE4E00079DCF /* UUITests.swift */ = {isa = PBXFileReference; lastKnownFileType = sourcecode.swift; path = UUITests.swift; sourceTree = "<group>"; };
		989397E21CD9BE4E00079DCF /* Info.plist */ = {isa = PBXFileReference; lastKnownFileType = text.plist.xml; path = Info.plist; sourceTree = "<group>"; };
		989397F01CD9BE9C00079DCF /* GlitchLabel.h */ = {isa = PBXFileReference; fileEncoding = 4; lastKnownFileType = sourcecode.c.h; path = GlitchLabel.h; sourceTree = "<group>"; };
		989397F11CD9BE9C00079DCF /* GlitchLabel.swift */ = {isa = PBXFileReference; fileEncoding = 4; lastKnownFileType = sourcecode.swift; path = GlitchLabel.swift; sourceTree = "<group>"; };
		989397F51CD9D9D400079DCF /* MainNavigationController.swift */ = {isa = PBXFileReference; fileEncoding = 4; lastKnownFileType = sourcecode.swift; path = MainNavigationController.swift; sourceTree = "<group>"; };
		989397FA1CD9E57600079DCF /* PathMenu.swift */ = {isa = PBXFileReference; fileEncoding = 4; lastKnownFileType = sourcecode.swift; path = PathMenu.swift; sourceTree = "<group>"; };
		989397FB1CD9E57600079DCF /* PathMenuItem.swift */ = {isa = PBXFileReference; fileEncoding = 4; lastKnownFileType = sourcecode.swift; path = PathMenuItem.swift; sourceTree = "<group>"; };
		989398021CD9E59500079DCF /* PathMenu.h */ = {isa = PBXFileReference; fileEncoding = 4; lastKnownFileType = sourcecode.c.h; path = PathMenu.h; sourceTree = "<group>"; };
		9893980B1CD9EEB100079DCF /* MyVoiceViewController.swift */ = {isa = PBXFileReference; fileEncoding = 4; lastKnownFileType = sourcecode.swift; path = MyVoiceViewController.swift; sourceTree = "<group>"; };
		9893980C1CD9EEB100079DCF /* MyVoiceViewController.xib */ = {isa = PBXFileReference; fileEncoding = 4; lastKnownFileType = file.xib; path = MyVoiceViewController.xib; sourceTree = "<group>"; };
		989398191CDA04AB00079DCF /* MeViewController.swift */ = {isa = PBXFileReference; fileEncoding = 4; lastKnownFileType = sourcecode.swift; path = MeViewController.swift; sourceTree = "<group>"; };
		9893981A1CDA04AB00079DCF /* MeViewController.xib */ = {isa = PBXFileReference; fileEncoding = 4; lastKnownFileType = file.xib; path = MeViewController.xib; sourceTree = "<group>"; };
		98B786571CFEA97F00576C4F /* FloatingHearts.h */ = {isa = PBXFileReference; fileEncoding = 4; lastKnownFileType = sourcecode.c.h; path = FloatingHearts.h; sourceTree = "<group>"; };
		98B786581CFEA97F00576C4F /* heart.png */ = {isa = PBXFileReference; lastKnownFileType = image.png; path = heart.png; sourceTree = "<group>"; };
		98B786591CFEA97F00576C4F /* heartBorder.png */ = {isa = PBXFileReference; lastKnownFileType = image.png; path = heartBorder.png; sourceTree = "<group>"; };
		98B7865A1CFEA97F00576C4F /* HeartView.swift */ = {isa = PBXFileReference; fileEncoding = 4; lastKnownFileType = sourcecode.swift; path = HeartView.swift; sourceTree = "<group>"; };
		98B7865B1CFEA97F00576C4F /* Helpers.swift */ = {isa = PBXFileReference; fileEncoding = 4; lastKnownFileType = sourcecode.swift; path = Helpers.swift; sourceTree = "<group>"; };
		98E87F0D1CF0DEB600B16A31 /* GLViewController.swift */ = {isa = PBXFileReference; fileEncoding = 4; lastKnownFileType = sourcecode.swift; path = GLViewController.swift; sourceTree = "<group>"; };
		98E87F0E1CF0DEB600B16A31 /* GLViewController.xib */ = {isa = PBXFileReference; fileEncoding = 4; lastKnownFileType = file.xib; path = GLViewController.xib; sourceTree = "<group>"; };
		98E87F121CF0E7DE00B16A31 /* LSEmojiFly.h */ = {isa = PBXFileReference; fileEncoding = 4; lastKnownFileType = sourcecode.c.h; path = LSEmojiFly.h; sourceTree = "<group>"; };
		98E87F131CF0E7DE00B16A31 /* LSEmojiFly.m */ = {isa = PBXFileReference; fileEncoding = 4; lastKnownFileType = sourcecode.c.objc; path = LSEmojiFly.m; sourceTree = "<group>"; };
/* End PBXFileReference section */

/* Begin PBXFrameworksBuildPhase section */
		989397BA1CD9BE4E00079DCF /* Frameworks */ = {
			isa = PBXFrameworksBuildPhase;
			buildActionMask = 2147483647;
			files = (
				9803550D1CE59E4600F56C61 /* CoreTelephony.framework in Frameworks */,
				9803550B1CE59DD700F56C61 /* SystemConfiguration.framework in Frameworks */,
				980355091CE59A1900F56C61 /* libsqlite3.0.tbd in Frameworks */,
				980355071CE59A0E00F56C61 /* libc++.tbd in Frameworks */,
				985889461CE089430005E0D1 /* libUMFeedback.a in Frameworks */,
				983DEA561CDA57B400D247C1 /* libMobClickLibrary.a in Frameworks */,
				980355041CE599D100F56C61 /* libWeChatSDK.a in Frameworks */,
				985889571CE089430005E0D1 /* libUMOpus.a in Frameworks */,
				983DEA511CDA56EE00D247C1 /* libz.tbd in Frameworks */,
				983DEA461CDA487C00D247C1 /* libUMessage_Sdk_1.2.6.a in Frameworks */,
			);
			runOnlyForDeploymentPostprocessing = 0;
		};
		989397CE1CD9BE4E00079DCF /* Frameworks */ = {
			isa = PBXFrameworksBuildPhase;
			buildActionMask = 2147483647;
			files = (
				983DEA471CDA487C00D247C1 /* libUMessage_Sdk_1.2.6.a in Frameworks */,
			);
			runOnlyForDeploymentPostprocessing = 0;
		};
		989397D91CD9BE4E00079DCF /* Frameworks */ = {
			isa = PBXFrameworksBuildPhase;
			buildActionMask = 2147483647;
			files = (
				983DEA481CDA487C00D247C1 /* libUMessage_Sdk_1.2.6.a in Frameworks */,
			);
			runOnlyForDeploymentPostprocessing = 0;
		};
/* End PBXFrameworksBuildPhase section */

/* Begin PBXGroup section */
		980354FE1CE599D100F56C61 /* OpenSDK1.7 */ = {
			isa = PBXGroup;
			children = (
				980354FF1CE599D100F56C61 /* libWeChatSDK.a */,
				980355001CE599D100F56C61 /* README.txt */,
				980355011CE599D100F56C61 /* WechatAuthSDK.h */,
				980355021CE599D100F56C61 /* WXApi.h */,
				980355031CE599D100F56C61 /* WXApiObject.h */,
			);
			path = OpenSDK1.7;
			sourceTree = "<group>";
		};
		98260B8C1CDADCCF00661A92 /* ATAppUpdater */ = {
			isa = PBXGroup;
			children = (
				98260B8D1CDADCCF00661A92 /* ATAppUpdater.h */,
				98260B8E1CDADCCF00661A92 /* ATAppUpdater.m */,
			);
			path = ATAppUpdater;
			sourceTree = "<group>";
		};
		98260CB01CDB1B8D00661A92 /* SCLAlertView */ = {
			isa = PBXGroup;
			children = (
				98260CB11CDB1B8D00661A92 /* Info.plist */,
				98260CB21CDB1B8D00661A92 /* SCLAlertView.swift */,
				98260CB31CDB1B8D00661A92 /* SCLExtensions.swift */,
			);
			path = SCLAlertView;
			sourceTree = "<group>";
		};
		983DEA431CDA487C00D247C1 /* UMessage_Sdk_1.2.6 */ = {
			isa = PBXGroup;
			children = (
				983DEA441CDA487C00D247C1 /* libUMessage_Sdk_1.2.6.a */,
				983DEA451CDA487C00D247C1 /* UMessage.h */,
			);
			path = UMessage_Sdk_1.2.6;
			sourceTree = "<group>";
		};
		983DEA521CDA57B400D247C1 /* UMAnalytics_Sdk_3.6.6 */ = {
			isa = PBXGroup;
			children = (
				983DEA531CDA57B400D247C1 /* libMobClickLibrary.a */,
				983DEA541CDA57B400D247C1 /* MobClick.h */,
				983DEA551CDA57B400D247C1 /* MobClickSocialAnalytics.h */,
			);
			path = UMAnalytics_Sdk_3.6.6;
			sourceTree = "<group>";
		};
		984F3BE01CEED3A000E9119A /* LTMorphingLabel */ = {
			isa = PBXGroup;
			children = (
				984F3BE21CEED3A000E9119A /* LTCharacterLimbo.swift */,
				984F3BE31CEED3A000E9119A /* LTEasing.swift */,
				984F3BE41CEED3A000E9119A /* LTEmitterView.swift */,
				984F3BE51CEED3A000E9119A /* LTMorphingEffect.swift */,
				984F3BE61CEED3A000E9119A /* LTMorphingLabel+Anvil.swift */,
				984F3BE71CEED3A000E9119A /* LTMorphingLabel+Burn.swift */,
				984F3BE81CEED3A000E9119A /* LTMorphingLabel+Evaporate.swift */,
				984F3BE91CEED3A000E9119A /* LTMorphingLabel+Fall.swift */,
				984F3BEA1CEED3A000E9119A /* LTMorphingLabel+Pixelate.swift */,
				984F3BEB1CEED3A000E9119A /* LTMorphingLabel+Sparkle.swift */,
				984F3BEC1CEED3A000E9119A /* LTMorphingLabel.h */,
				984F3BED1CEED3A000E9119A /* LTMorphingLabel.swift */,
				984F3BEE1CEED3A000E9119A /* NSString+LTMorphingLabel.swift */,
				984F3BEF1CEED3A000E9119A /* Particles */,
			);
			path = LTMorphingLabel;
			sourceTree = "<group>";
		};
		984F3BEF1CEED3A000E9119A /* Particles */ = {
			isa = PBXGroup;
			children = (
				984F3BF01CEED3A000E9119A /* Fire.png */,
				984F3BF11CEED3A000E9119A /* Fragment.png */,
				984F3BF21CEED3A000E9119A /* Smoke.png */,
				984F3BF31CEED3A000E9119A /* Sparkle.png */,
			);
			path = Particles;
			sourceTree = "<group>";
		};
		98503E041CEDAB8B00894CD3 /* LLSwitch */ = {
			isa = PBXGroup;
			children = (
				98503E051CEDAB8B00894CD3 /* LLAnimationManager.h */,
				98503E061CEDAB8B00894CD3 /* LLAnimationManager.m */,
				98503E071CEDAB8B00894CD3 /* LLEyesLayer.h */,
				98503E081CEDAB8B00894CD3 /* LLEyesLayer.m */,
				98503E091CEDAB8B00894CD3 /* LLSwitch.h */,
				98503E0A1CEDAB8B00894CD3 /* LLSwitch.m */,
			);
			path = LLSwitch;
			sourceTree = "<group>";
		};
		9858891B1CE089430005E0D1 /* UMengFeedback_SDK */ = {
			isa = PBXGroup;
			children = (
				9858891C1CE089430005E0D1 /* UMFeedbackLocalizable.strings */,
				9858891E1CE089430005E0D1 /* libUMFeedback.a */,
				9858891F1CE089430005E0D1 /* Resources */,
				9858892F1CE089430005E0D1 /* UMFeedback.h */,
				985889301CE089430005E0D1 /* UMFeedbackViewController.h */,
				985889311CE089430005E0D1 /* UMFeedbackViewController.m */,
				985889321CE089430005E0D1 /* UMOpenMacros.h */,
				985889331CE089430005E0D1 /* UMOpus */,
				985889361CE089430005E0D1 /* UMRecorder.h */,
				985889371CE089430005E0D1 /* Views */,
			);
			path = UMengFeedback_SDK;
			sourceTree = "<group>";
		};
		9858891F1CE089430005E0D1 /* Resources */ = {
			isa = PBXGroup;
			children = (
				985889201CE089430005E0D1 /* bubble_min@2x.png */,
				985889211CE089430005E0D1 /* cancel@2x.png */,
				985889221CE089430005E0D1 /* microphone@2x.png */,
				985889231CE089430005E0D1 /* save@2x.png */,
				985889241CE089430005E0D1 /* ToolViewInputText@2x.png */,
				985889251CE089430005E0D1 /* ToolViewInputTextHL@2x.png */,
				985889261CE089430005E0D1 /* ToolViewInputVoice@2x.png */,
				985889271CE089430005E0D1 /* ToolViewInputVoiceHL@2x.png */,
				985889281CE089430005E0D1 /* umeng_add_photo@2x.png */,
				985889291CE089430005E0D1 /* umeng_fb_audio_dialog_cancel@2x.png */,
				9858892A1CE089430005E0D1 /* umeng_fb_audio_dialog_content@2x.png */,
				9858892B1CE089430005E0D1 /* umeng_fb_audio_play_01@2x.png */,
				9858892C1CE089430005E0D1 /* umeng_fb_audio_play_02@2x.png */,
				9858892D1CE089430005E0D1 /* umeng_fb_audio_play_03@2x.png */,
				9858892E1CE089430005E0D1 /* umeng_fb_audio_play_default@2x.png */,
			);
			path = Resources;
			sourceTree = "<group>";
		};
		985889331CE089430005E0D1 /* UMOpus */ = {
			isa = PBXGroup;
			children = (
				985889341CE089430005E0D1 /* libUMOpus.a */,
				985889351CE089430005E0D1 /* UMOpus.h */,
			);
			path = UMOpus;
			sourceTree = "<group>";
		};
		985889371CE089430005E0D1 /* Views */ = {
			isa = PBXGroup;
			children = (
				985889381CE089430005E0D1 /* UMChatTableViewCell.h */,
				985889391CE089430005E0D1 /* UMChatTableViewCell.m */,
				9858893A1CE089430005E0D1 /* UMChatToolBar.h */,
				9858893B1CE089430005E0D1 /* UMChatToolBar.m */,
				9858893C1CE089430005E0D1 /* UMFullScreenPhotoView.h */,
				9858893D1CE089430005E0D1 /* UMFullScreenPhotoView.m */,
				9858893E1CE089430005E0D1 /* UMPostTableViewCell.h */,
				9858893F1CE089430005E0D1 /* UMPostTableViewCell.m */,
				985889401CE089430005E0D1 /* UMRadialView.h */,
				985889411CE089430005E0D1 /* UMRadialView.m */,
				985889421CE089430005E0D1 /* UMTextView.h */,
				985889431CE089430005E0D1 /* UMTextView.m */,
			);
			path = Views;
			sourceTree = "<group>";
		};
		9864891D1CED7FAC006E5CDC /* PlaceholderTextView */ = {
			isa = PBXGroup;
			children = (
				986489201CED87A0006E5CDC /* DZMTextViewPlaceholder.swift */,
			);
			path = PlaceholderTextView;
			sourceTree = "<group>";
		};
		989397B41CD9BE4E00079DCF = {
			isa = PBXGroup;
			children = (
				9803550C1CE59E4600F56C61 /* CoreTelephony.framework */,
				9803550A1CE59DD700F56C61 /* SystemConfiguration.framework */,
				980355081CE59A1900F56C61 /* libsqlite3.0.tbd */,
				980355061CE59A0E00F56C61 /* libc++.tbd */,
				983DEA501CDA56EE00D247C1 /* libz.tbd */,
				989397BF1CD9BE4E00079DCF /* U */,
				989397D41CD9BE4E00079DCF /* UTests */,
				989397DF1CD9BE4E00079DCF /* UUITests */,
				989397BE1CD9BE4E00079DCF /* Products */,
			);
			sourceTree = "<group>";
		};
		989397BE1CD9BE4E00079DCF /* Products */ = {
			isa = PBXGroup;
			children = (
				989397BD1CD9BE4E00079DCF /* U.app */,
				989397D11CD9BE4E00079DCF /* UTests.xctest */,
				989397DC1CD9BE4E00079DCF /* UUITests.xctest */,
			);
			name = Products;
			sourceTree = "<group>";
		};
		989397BF1CD9BE4E00079DCF /* U */ = {
			isa = PBXGroup;
			children = (
				989397EE1CD9BE9C00079DCF /* Third */,
				989397C01CD9BE4E00079DCF /* AppDelegate.swift */,
				989397C21CD9BE4E00079DCF /* RootViewController.swift */,
				9893980B1CD9EEB100079DCF /* MyVoiceViewController.swift */,
				9893980C1CD9EEB100079DCF /* MyVoiceViewController.xib */,
				989398191CDA04AB00079DCF /* MeViewController.swift */,
				9893981A1CDA04AB00079DCF /* MeViewController.xib */,
				98E87F0D1CF0DEB600B16A31 /* GLViewController.swift */,
				98E87F0E1CF0DEB600B16A31 /* GLViewController.xib */,
				989397F51CD9D9D400079DCF /* MainNavigationController.swift */,
				989397C41CD9BE4E00079DCF /* Main.storyboard */,
				989397C71CD9BE4E00079DCF /* Assets.xcassets */,
				989397C91CD9BE4E00079DCF /* LaunchScreen.storyboard */,
				989397CC1CD9BE4E00079DCF /* Info.plist */,
				98264F1C1CF93A0E0028124B /* Localizable.strings */,
				983DEA3B1CDA47B300D247C1 /* U-Bridging-Header.h */,
			);
			path = U;
			sourceTree = "<group>";
		};
		989397D41CD9BE4E00079DCF /* UTests */ = {
			isa = PBXGroup;
			children = (
				989397D51CD9BE4E00079DCF /* UTests.swift */,
				989397D71CD9BE4E00079DCF /* Info.plist */,
			);
			path = UTests;
			sourceTree = "<group>";
		};
		989397DF1CD9BE4E00079DCF /* UUITests */ = {
			isa = PBXGroup;
			children = (
				989397E01CD9BE4E00079DCF /* UUITests.swift */,
				989397E21CD9BE4E00079DCF /* Info.plist */,
			);
			path = UUITests;
			sourceTree = "<group>";
		};
		989397EE1CD9BE9C00079DCF /* Third */ = {
			isa = PBXGroup;
			children = (
				98B786561CFEA97F00576C4F /* FloatingHearts */,
				98E87F111CF0E7CD00B16A31 /* EmojiFly */,
				984F3BE01CEED3A000E9119A /* LTMorphingLabel */,
				98503E041CEDAB8B00894CD3 /* LLSwitch */,
				9864891D1CED7FAC006E5CDC /* PlaceholderTextView */,
				980354FE1CE599D100F56C61 /* OpenSDK1.7 */,
				9858891B1CE089430005E0D1 /* UMengFeedback_SDK */,
				98260CB01CDB1B8D00661A92 /* SCLAlertView */,
				98260B8C1CDADCCF00661A92 /* ATAppUpdater */,
				983DEA521CDA57B400D247C1 /* UMAnalytics_Sdk_3.6.6 */,
				983DEA431CDA487C00D247C1 /* UMessage_Sdk_1.2.6 */,
				989397F91CD9E57600079DCF /* PathMenu */,
				989397EF1CD9BE9C00079DCF /* GlitchLabel */,
			);
			path = Third;
			sourceTree = "<group>";
		};
		989397EF1CD9BE9C00079DCF /* GlitchLabel */ = {
			isa = PBXGroup;
			children = (
				989397F01CD9BE9C00079DCF /* GlitchLabel.h */,
				989397F11CD9BE9C00079DCF /* GlitchLabel.swift */,
			);
			path = GlitchLabel;
			sourceTree = "<group>";
		};
		989397F91CD9E57600079DCF /* PathMenu */ = {
			isa = PBXGroup;
			children = (
				989398021CD9E59500079DCF /* PathMenu.h */,
				989397FA1CD9E57600079DCF /* PathMenu.swift */,
				989397FB1CD9E57600079DCF /* PathMenuItem.swift */,
			);
			path = PathMenu;
			sourceTree = "<group>";
		};
		98B786561CFEA97F00576C4F /* FloatingHearts */ = {
			isa = PBXGroup;
			children = (
				98B786571CFEA97F00576C4F /* FloatingHearts.h */,
				98B786581CFEA97F00576C4F /* heart.png */,
				98B786591CFEA97F00576C4F /* heartBorder.png */,
				98B7865A1CFEA97F00576C4F /* HeartView.swift */,
				98B7865B1CFEA97F00576C4F /* Helpers.swift */,
			);
			path = FloatingHearts;
			sourceTree = "<group>";
		};
		98E87F111CF0E7CD00B16A31 /* EmojiFly */ = {
			isa = PBXGroup;
			children = (
				98E87F121CF0E7DE00B16A31 /* LSEmojiFly.h */,
				98E87F131CF0E7DE00B16A31 /* LSEmojiFly.m */,
			);
			path = EmojiFly;
			sourceTree = "<group>";
		};
/* End PBXGroup section */

/* Begin PBXNativeTarget section */
		989397BC1CD9BE4E00079DCF /* U */ = {
			isa = PBXNativeTarget;
			buildConfigurationList = 989397E51CD9BE4E00079DCF /* Build configuration list for PBXNativeTarget "U" */;
			buildPhases = (
				989397B91CD9BE4E00079DCF /* Sources */,
				989397BA1CD9BE4E00079DCF /* Frameworks */,
				989397BB1CD9BE4E00079DCF /* Resources */,
			);
			buildRules = (
			);
			dependencies = (
			);
			name = U;
			productName = U;
			productReference = 989397BD1CD9BE4E00079DCF /* U.app */;
			productType = "com.apple.product-type.application";
		};
		989397D01CD9BE4E00079DCF /* UTests */ = {
			isa = PBXNativeTarget;
			buildConfigurationList = 989397E81CD9BE4E00079DCF /* Build configuration list for PBXNativeTarget "UTests" */;
			buildPhases = (
				989397CD1CD9BE4E00079DCF /* Sources */,
				989397CE1CD9BE4E00079DCF /* Frameworks */,
				989397CF1CD9BE4E00079DCF /* Resources */,
			);
			buildRules = (
			);
			dependencies = (
				989397D31CD9BE4E00079DCF /* PBXTargetDependency */,
			);
			name = UTests;
			productName = UTests;
			productReference = 989397D11CD9BE4E00079DCF /* UTests.xctest */;
			productType = "com.apple.product-type.bundle.unit-test";
		};
		989397DB1CD9BE4E00079DCF /* UUITests */ = {
			isa = PBXNativeTarget;
			buildConfigurationList = 989397EB1CD9BE4E00079DCF /* Build configuration list for PBXNativeTarget "UUITests" */;
			buildPhases = (
				989397D81CD9BE4E00079DCF /* Sources */,
				989397D91CD9BE4E00079DCF /* Frameworks */,
				989397DA1CD9BE4E00079DCF /* Resources */,
			);
			buildRules = (
			);
			dependencies = (
				989397DE1CD9BE4E00079DCF /* PBXTargetDependency */,
			);
			name = UUITests;
			productName = UUITests;
			productReference = 989397DC1CD9BE4E00079DCF /* UUITests.xctest */;
			productType = "com.apple.product-type.bundle.ui-testing";
		};
/* End PBXNativeTarget section */

/* Begin PBXProject section */
		989397B51CD9BE4E00079DCF /* Project object */ = {
			isa = PBXProject;
			attributes = {
				LastSwiftUpdateCheck = 0730;
				LastUpgradeCheck = 0730;
				ORGANIZATIONNAME = "王建雨";
				TargetAttributes = {
					989397BC1CD9BE4E00079DCF = {
						CreatedOnToolsVersion = 7.3;
					};
					989397D01CD9BE4E00079DCF = {
						CreatedOnToolsVersion = 7.3;
						TestTargetID = 989397BC1CD9BE4E00079DCF;
					};
					989397DB1CD9BE4E00079DCF = {
						CreatedOnToolsVersion = 7.3;
						TestTargetID = 989397BC1CD9BE4E00079DCF;
					};
				};
			};
			buildConfigurationList = 989397B81CD9BE4E00079DCF /* Build configuration list for PBXProject "U" */;
			compatibilityVersion = "Xcode 3.2";
			developmentRegion = English;
			hasScannedForEncodings = 0;
			knownRegions = (
				en,
				Base,
				"zh-Hans",
				"zh-Hant",
				ja,
				ko,
			);
			mainGroup = 989397B41CD9BE4E00079DCF;
			productRefGroup = 989397BE1CD9BE4E00079DCF /* Products */;
			projectDirPath = "";
			projectRoot = "";
			targets = (
				989397BC1CD9BE4E00079DCF /* U */,
				989397D01CD9BE4E00079DCF /* UTests */,
				989397DB1CD9BE4E00079DCF /* UUITests */,
			);
		};
/* End PBXProject section */

/* Begin PBXResourcesBuildPhase section */
		989397BB1CD9BE4E00079DCF /* Resources */ = {
			isa = PBXResourcesBuildPhase;
			buildActionMask = 2147483647;
			files = (
				985889531CE089430005E0D1 /* umeng_fb_audio_play_02@2x.png in Resources */,
				9858894F1CE089430005E0D1 /* umeng_add_photo@2x.png in Resources */,
				989397CB1CD9BE4E00079DCF /* LaunchScreen.storyboard in Resources */,
				9858894D1CE089430005E0D1 /* ToolViewInputVoice@2x.png in Resources */,
				98B7865D1CFEA97F00576C4F /* heartBorder.png in Resources */,
				985889481CE089430005E0D1 /* cancel@2x.png in Resources */,
				985889501CE089430005E0D1 /* umeng_fb_audio_dialog_cancel@2x.png in Resources */,
				980355051CE599D100F56C61 /* README.txt in Resources */,
				985889451CE089430005E0D1 /* UMFeedbackLocalizable.strings in Resources */,
				984F3C031CEED3A000E9119A /* Smoke.png in Resources */,
				9858894B1CE089430005E0D1 /* ToolViewInputText@2x.png in Resources */,
				989398101CD9EEB100079DCF /* MyVoiceViewController.xib in Resources */,
				984F3C041CEED3A000E9119A /* Sparkle.png in Resources */,
				985889491CE089430005E0D1 /* microphone@2x.png in Resources */,
				985889521CE089430005E0D1 /* umeng_fb_audio_play_01@2x.png in Resources */,
				985889541CE089430005E0D1 /* umeng_fb_audio_play_03@2x.png in Resources */,
				9858894A1CE089430005E0D1 /* save@2x.png in Resources */,
				98260CB41CDB1B8D00661A92 /* Info.plist in Resources */,
				9893981E1CDA04AB00079DCF /* MeViewController.xib in Resources */,
				985889471CE089430005E0D1 /* bubble_min@2x.png in Resources */,
				9858894E1CE089430005E0D1 /* ToolViewInputVoiceHL@2x.png in Resources */,
				9858894C1CE089430005E0D1 /* ToolViewInputTextHL@2x.png in Resources */,
				985889551CE089430005E0D1 /* umeng_fb_audio_play_default@2x.png in Resources */,
				98B7865C1CFEA97F00576C4F /* heart.png in Resources */,
				989397C81CD9BE4E00079DCF /* Assets.xcassets in Resources */,
				984F3C011CEED3A000E9119A /* Fire.png in Resources */,
				98264F1A1CF93A0E0028124B /* Localizable.strings in Resources */,
				985889511CE089430005E0D1 /* umeng_fb_audio_dialog_content@2x.png in Resources */,
				989397C61CD9BE4E00079DCF /* Main.storyboard in Resources */,
				984F3C021CEED3A000E9119A /* Fragment.png in Resources */,
				98E87F101CF0DEB600B16A31 /* GLViewController.xib in Resources */,
			);
			runOnlyForDeploymentPostprocessing = 0;
		};
		989397CF1CD9BE4E00079DCF /* Resources */ = {
			isa = PBXResourcesBuildPhase;
			buildActionMask = 2147483647;
			files = (
				9893981F1CDA04AB00079DCF /* MeViewController.xib in Resources */,
				989398111CD9EEB100079DCF /* MyVoiceViewController.xib in Resources */,
			);
			runOnlyForDeploymentPostprocessing = 0;
		};
		989397DA1CD9BE4E00079DCF /* Resources */ = {
			isa = PBXResourcesBuildPhase;
			buildActionMask = 2147483647;
			files = (
				989398201CDA04AB00079DCF /* MeViewController.xib in Resources */,
				989398121CD9EEB100079DCF /* MyVoiceViewController.xib in Resources */,
			);
			runOnlyForDeploymentPostprocessing = 0;
		};
/* End PBXResourcesBuildPhase section */

/* Begin PBXSourcesBuildPhase section */
		989397B91CD9BE4E00079DCF /* Sources */ = {
			isa = PBXSourcesBuildPhase;
			buildActionMask = 2147483647;
			files = (
				98260CB61CDB1B8D00661A92 /* SCLExtensions.swift in Sources */,
				98B7865F1CFEA97F00576C4F /* Helpers.swift in Sources */,
				985889591CE089430005E0D1 /* UMChatToolBar.m in Sources */,
				984F3BFE1CEED3A000E9119A /* LTMorphingLabel+Sparkle.swift in Sources */,
				984F3BF71CEED3A000E9119A /* LTEmitterView.swift in Sources */,
				984F3BFB1CEED3A000E9119A /* LTMorphingLabel+Evaporate.swift in Sources */,
				989397FF1CD9E57600079DCF /* PathMenuItem.swift in Sources */,
				98260B8F1CDADCCF00661A92 /* ATAppUpdater.m in Sources */,
				98260CB51CDB1B8D00661A92 /* SCLAlertView.swift in Sources */,
				98B7865E1CFEA97F00576C4F /* HeartView.swift in Sources */,
				98503E0D1CEDAB8B00894CD3 /* LLSwitch.m in Sources */,
				989397C31CD9BE4E00079DCF /* RootViewController.swift in Sources */,
				98503E0C1CEDAB8B00894CD3 /* LLEyesLayer.m in Sources */,
				98503E0B1CEDAB8B00894CD3 /* LLAnimationManager.m in Sources */,
				985889581CE089430005E0D1 /* UMChatTableViewCell.m in Sources */,
				98E87F0F1CF0DEB600B16A31 /* GLViewController.swift in Sources */,
				9893981B1CDA04AB00079DCF /* MeViewController.swift in Sources */,
				984F3BF81CEED3A000E9119A /* LTMorphingEffect.swift in Sources */,
				9858895C1CE089430005E0D1 /* UMRadialView.m in Sources */,
				98E87F141CF0E7DE00B16A31 /* LSEmojiFly.m in Sources */,
				9893980D1CD9EEB100079DCF /* MyVoiceViewController.swift in Sources */,
				985889561CE089430005E0D1 /* UMFeedbackViewController.m in Sources */,
				989397FC1CD9E57600079DCF /* PathMenu.swift in Sources */,
				984F3BF51CEED3A000E9119A /* LTCharacterLimbo.swift in Sources */,
				984F3BF91CEED3A000E9119A /* LTMorphingLabel+Anvil.swift in Sources */,
				986489211CED87A0006E5CDC /* DZMTextViewPlaceholder.swift in Sources */,
				9858895B1CE089430005E0D1 /* UMPostTableViewCell.m in Sources */,
				989397C11CD9BE4E00079DCF /* AppDelegate.swift in Sources */,
				989397F61CD9D9D400079DCF /* MainNavigationController.swift in Sources */,
				984F3BFF1CEED3A000E9119A /* LTMorphingLabel.swift in Sources */,
				989397F21CD9BE9C00079DCF /* GlitchLabel.swift in Sources */,
				9858895A1CE089430005E0D1 /* UMFullScreenPhotoView.m in Sources */,
				984F3C001CEED3A000E9119A /* NSString+LTMorphingLabel.swift in Sources */,
				984F3BF61CEED3A000E9119A /* LTEasing.swift in Sources */,
				984F3BFC1CEED3A000E9119A /* LTMorphingLabel+Fall.swift in Sources */,
				984F3BFD1CEED3A000E9119A /* LTMorphingLabel+Pixelate.swift in Sources */,
				984F3BFA1CEED3A000E9119A /* LTMorphingLabel+Burn.swift in Sources */,
				9858895D1CE089430005E0D1 /* UMTextView.m in Sources */,
			);
			runOnlyForDeploymentPostprocessing = 0;
		};
		989397CD1CD9BE4E00079DCF /* Sources */ = {
			isa = PBXSourcesBuildPhase;
			buildActionMask = 2147483647;
			files = (
				989397F71CD9D9D400079DCF /* MainNavigationController.swift in Sources */,
				9893981C1CDA04AB00079DCF /* MeViewController.swift in Sources */,
				9893980E1CD9EEB100079DCF /* MyVoiceViewController.swift in Sources */,
				989397D61CD9BE4E00079DCF /* UTests.swift in Sources */,
				989398001CD9E57600079DCF /* PathMenuItem.swift in Sources */,
				989397F31CD9BE9C00079DCF /* GlitchLabel.swift in Sources */,
				989397FD1CD9E57600079DCF /* PathMenu.swift in Sources */,
			);
			runOnlyForDeploymentPostprocessing = 0;
		};
		989397D81CD9BE4E00079DCF /* Sources */ = {
			isa = PBXSourcesBuildPhase;
			buildActionMask = 2147483647;
			files = (
				989397F81CD9D9D400079DCF /* MainNavigationController.swift in Sources */,
				9893981D1CDA04AB00079DCF /* MeViewController.swift in Sources */,
				9893980F1CD9EEB100079DCF /* MyVoiceViewController.swift in Sources */,
				989397E11CD9BE4E00079DCF /* UUITests.swift in Sources */,
				989398011CD9E57600079DCF /* PathMenuItem.swift in Sources */,
				989397F41CD9BE9C00079DCF /* GlitchLabel.swift in Sources */,
				989397FE1CD9E57600079DCF /* PathMenu.swift in Sources */,
			);
			runOnlyForDeploymentPostprocessing = 0;
		};
/* End PBXSourcesBuildPhase section */

/* Begin PBXTargetDependency section */
		989397D31CD9BE4E00079DCF /* PBXTargetDependency */ = {
			isa = PBXTargetDependency;
			target = 989397BC1CD9BE4E00079DCF /* U */;
			targetProxy = 989397D21CD9BE4E00079DCF /* PBXContainerItemProxy */;
		};
		989397DE1CD9BE4E00079DCF /* PBXTargetDependency */ = {
			isa = PBXTargetDependency;
			target = 989397BC1CD9BE4E00079DCF /* U */;
			targetProxy = 989397DD1CD9BE4E00079DCF /* PBXContainerItemProxy */;
		};
/* End PBXTargetDependency section */

/* Begin PBXVariantGroup section */
		98264F1C1CF93A0E0028124B /* Localizable.strings */ = {
			isa = PBXVariantGroup;
			children = (
				98264F1B1CF93A0E0028124B /* en */,
				98264F1D1CF93A100028124B /* zh-Hans */,
				98264F1E1CF93A110028124B /* zh-Hant */,
				98264F1F1CF93A120028124B /* ja */,
				98264F201CF93A140028124B /* ko */,
			);
			name = Localizable.strings;
			sourceTree = "<group>";
		};
		9858891C1CE089430005E0D1 /* UMFeedbackLocalizable.strings */ = {
			isa = PBXVariantGroup;
			children = (
				9858891D1CE089430005E0D1 /* Base */,
				985889441CE089430005E0D1 /* zh-Hans */,
				986C26BE1CF85C8F003D3D3D /* zh-Hant */,
				986C26C11CF85C9B003D3D3D /* ja */,
				986C26C41CF85CA0003D3D3D /* ko */,
			);
			name = UMFeedbackLocalizable.strings;
			sourceTree = "<group>";
		};
		989397C41CD9BE4E00079DCF /* Main.storyboard */ = {
			isa = PBXVariantGroup;
			children = (
				98264F121CF937C60028124B /* zh-Hant */,
				98264F131CF937C60028124B /* ja */,
				98264F141CF937C60028124B /* ko */,
				98264F151CF937C60028124B /* zh-Hans */,
				98264F171CF937C90028124B /* en */,
			);
			name = Main.storyboard;
			sourceTree = "<group>";
		};
		989397C91CD9BE4E00079DCF /* LaunchScreen.storyboard */ = {
			isa = PBXVariantGroup;
			children = (
				989397CA1CD9BE4E00079DCF /* Base */,
				986C26BD1CF85C8F003D3D3D /* zh-Hant */,
				986C26C01CF85C9B003D3D3D /* ja */,
				986C26C31CF85CA0003D3D3D /* ko */,
			);
			name = LaunchScreen.storyboard;
			sourceTree = "<group>";
		};
/* End PBXVariantGroup section */

/* Begin XCBuildConfiguration section */
		989397E31CD9BE4E00079DCF /* Debug */ = {
			isa = XCBuildConfiguration;
			buildSettings = {
				ALWAYS_SEARCH_USER_PATHS = NO;
				CLANG_ANALYZER_NONNULL = YES;
				CLANG_CXX_LANGUAGE_STANDARD = "gnu++0x";
				CLANG_CXX_LIBRARY = "libc++";
				CLANG_ENABLE_MODULES = YES;
				CLANG_ENABLE_OBJC_ARC = YES;
				CLANG_WARN_BOOL_CONVERSION = YES;
				CLANG_WARN_CONSTANT_CONVERSION = YES;
				CLANG_WARN_DIRECT_OBJC_ISA_USAGE = YES_ERROR;
				CLANG_WARN_EMPTY_BODY = YES;
				CLANG_WARN_ENUM_CONVERSION = YES;
				CLANG_WARN_INT_CONVERSION = YES;
				CLANG_WARN_OBJC_ROOT_CLASS = YES_ERROR;
				CLANG_WARN_UNREACHABLE_CODE = YES;
				CLANG_WARN__DUPLICATE_METHOD_MATCH = YES;
				"CODE_SIGN_IDENTITY[sdk=iphoneos*]" = "iPhone Developer";
				COPY_PHASE_STRIP = NO;
				DEBUG_INFORMATION_FORMAT = dwarf;
				ENABLE_STRICT_OBJC_MSGSEND = YES;
				ENABLE_TESTABILITY = YES;
				GCC_C_LANGUAGE_STANDARD = gnu99;
				GCC_DYNAMIC_NO_PIC = NO;
				GCC_NO_COMMON_BLOCKS = YES;
				GCC_OPTIMIZATION_LEVEL = 0;
				GCC_PREPROCESSOR_DEFINITIONS = (
					"DEBUG=1",
					"$(inherited)",
				);
				GCC_WARN_64_TO_32_BIT_CONVERSION = YES;
				GCC_WARN_ABOUT_RETURN_TYPE = YES_ERROR;
				GCC_WARN_UNDECLARED_SELECTOR = YES;
				GCC_WARN_UNINITIALIZED_AUTOS = YES_AGGRESSIVE;
				GCC_WARN_UNUSED_FUNCTION = YES;
				GCC_WARN_UNUSED_VARIABLE = YES;
				IPHONEOS_DEPLOYMENT_TARGET = 9.3;
				MTL_ENABLE_DEBUG_INFO = YES;
				ONLY_ACTIVE_ARCH = YES;
				SDKROOT = iphoneos;
				SWIFT_OPTIMIZATION_LEVEL = "-Onone";
				TARGETED_DEVICE_FAMILY = "1,2";
			};
			name = Debug;
		};
		989397E41CD9BE4E00079DCF /* Release */ = {
			isa = XCBuildConfiguration;
			buildSettings = {
				ALWAYS_SEARCH_USER_PATHS = NO;
				CLANG_ANALYZER_NONNULL = YES;
				CLANG_CXX_LANGUAGE_STANDARD = "gnu++0x";
				CLANG_CXX_LIBRARY = "libc++";
				CLANG_ENABLE_MODULES = YES;
				CLANG_ENABLE_OBJC_ARC = YES;
				CLANG_WARN_BOOL_CONVERSION = YES;
				CLANG_WARN_CONSTANT_CONVERSION = YES;
				CLANG_WARN_DIRECT_OBJC_ISA_USAGE = YES_ERROR;
				CLANG_WARN_EMPTY_BODY = YES;
				CLANG_WARN_ENUM_CONVERSION = YES;
				CLANG_WARN_INT_CONVERSION = YES;
				CLANG_WARN_OBJC_ROOT_CLASS = YES_ERROR;
				CLANG_WARN_UNREACHABLE_CODE = YES;
				CLANG_WARN__DUPLICATE_METHOD_MATCH = YES;
				"CODE_SIGN_IDENTITY[sdk=iphoneos*]" = "iPhone Developer";
				COPY_PHASE_STRIP = NO;
				DEBUG_INFORMATION_FORMAT = "dwarf-with-dsym";
				ENABLE_NS_ASSERTIONS = NO;
				ENABLE_STRICT_OBJC_MSGSEND = YES;
				GCC_C_LANGUAGE_STANDARD = gnu99;
				GCC_NO_COMMON_BLOCKS = YES;
				GCC_WARN_64_TO_32_BIT_CONVERSION = YES;
				GCC_WARN_ABOUT_RETURN_TYPE = YES_ERROR;
				GCC_WARN_UNDECLARED_SELECTOR = YES;
				GCC_WARN_UNINITIALIZED_AUTOS = YES_AGGRESSIVE;
				GCC_WARN_UNUSED_FUNCTION = YES;
				GCC_WARN_UNUSED_VARIABLE = YES;
				IPHONEOS_DEPLOYMENT_TARGET = 9.3;
				MTL_ENABLE_DEBUG_INFO = NO;
				SDKROOT = iphoneos;
				TARGETED_DEVICE_FAMILY = "1,2";
				VALIDATE_PRODUCT = YES;
			};
			name = Release;
		};
		989397E61CD9BE4E00079DCF /* Debug */ = {
			isa = XCBuildConfiguration;
			buildSettings = {
				ASSETCATALOG_COMPILER_APPICON_NAME = AppIcon;
				CLANG_ENABLE_MODULES = YES;
				CODE_SIGN_IDENTITY = "iPhone Developer: jianyu wang (4XUU6CEV36)";
				"CODE_SIGN_IDENTITY[sdk=iphoneos*]" = "iPhone Developer: jianyu wang (4XUU6CEV36)";
				DEFINES_MODULE = YES;
				ENABLE_BITCODE = NO;
				FRAMEWORK_SEARCH_PATHS = (
					"$(inherited)",
					"$(PROJECT_DIR)/U/Third/FloatingHearts",
				);
				INFOPLIST_FILE = U/Info.plist;
				IPHONEOS_DEPLOYMENT_TARGET = 8.0;
				LD_RUNPATH_SEARCH_PATHS = "$(inherited) @executable_path/Frameworks";
				LIBRARY_SEARCH_PATHS = (
					"$(inherited)",
					"$(PROJECT_DIR)/U/Third/UMessage_Sdk_1.2.6",
					"$(PROJECT_DIR)/U/Third/UMAnalytics_Sdk_3.6.6",
					"$(PROJECT_DIR)/U/Third/UMengFeedback_SDK",
					"$(PROJECT_DIR)/U/Third/UMengFeedback_SDK/UMOpus",
					"$(PROJECT_DIR)/U/Third/OpenSDK1.7",
				);
				PRODUCT_BUNDLE_IDENTIFIER = com.BrooksWon.U;
				PRODUCT_NAME = "$(TARGET_NAME)";
				PROVISIONING_PROFILE = "76356c81-2e06-4f39-8754-cee3904dfded";
				SWIFT_OBJC_BRIDGING_HEADER = "U/U-Bridging-Header.h";
				SWIFT_OPTIMIZATION_LEVEL = "-Onone";
				TARGETED_DEVICE_FAMILY = 1;
			};
			name = Debug;
		};
		989397E71CD9BE4E00079DCF /* Release */ = {
			isa = XCBuildConfiguration;
			buildSettings = {
				ASSETCATALOG_COMPILER_APPICON_NAME = AppIcon;
				CLANG_ENABLE_MODULES = YES;
				CODE_SIGN_IDENTITY = "iPhone Developer: jianyu wang (4XUU6CEV36)";
				"CODE_SIGN_IDENTITY[sdk=iphoneos*]" = "iPhone Developer: jianyu wang (4XUU6CEV36)";
				DEFINES_MODULE = YES;
				ENABLE_BITCODE = NO;
				FRAMEWORK_SEARCH_PATHS = (
					"$(inherited)",
					"$(PROJECT_DIR)/U/Third/FloatingHearts",
				);
				INFOPLIST_FILE = U/Info.plist;
				IPHONEOS_DEPLOYMENT_TARGET = 8.0;
				LD_RUNPATH_SEARCH_PATHS = "$(inherited) @executable_path/Frameworks";
				LIBRARY_SEARCH_PATHS = (
					"$(inherited)",
					"$(PROJECT_DIR)/U/Third/UMessage_Sdk_1.2.6",
					"$(PROJECT_DIR)/U/Third/UMAnalytics_Sdk_3.6.6",
					"$(PROJECT_DIR)/U/Third/UMengFeedback_SDK",
					"$(PROJECT_DIR)/U/Third/UMengFeedback_SDK/UMOpus",
					"$(PROJECT_DIR)/U/Third/OpenSDK1.7",
				);
				PRODUCT_BUNDLE_IDENTIFIER = com.BrooksWon.U;
				PRODUCT_NAME = "$(TARGET_NAME)";
				PROVISIONING_PROFILE = "76356c81-2e06-4f39-8754-cee3904dfded";
				SWIFT_OBJC_BRIDGING_HEADER = "U/U-Bridging-Header.h";
				TARGETED_DEVICE_FAMILY = 1;
			};
			name = Release;
		};
		989397E91CD9BE4E00079DCF /* Debug */ = {
			isa = XCBuildConfiguration;
			buildSettings = {
				BUNDLE_LOADER = "$(TEST_HOST)";
				CLANG_ENABLE_MODULES = YES;
				INFOPLIST_FILE = UTests/Info.plist;
				LD_RUNPATH_SEARCH_PATHS = "$(inherited) @executable_path/Frameworks @loader_path/Frameworks";
				LIBRARY_SEARCH_PATHS = (
					"$(inherited)",
					"$(PROJECT_DIR)/U/Third/UMessage_Sdk_1.2.6",
					"$(PROJECT_DIR)/U/Third/UMAnalytics_Sdk_3.6.6",
				);
				PRODUCT_BUNDLE_IDENTIFIER = "---.UTests";
				PRODUCT_NAME = "$(TARGET_NAME)";
				SWIFT_OBJC_BRIDGING_HEADER = "U/UTests-Bridging-Header.h";
				SWIFT_OPTIMIZATION_LEVEL = "-Onone";
				TEST_HOST = "$(BUILT_PRODUCTS_DIR)/U.app/U";
			};
			name = Debug;
		};
		989397EA1CD9BE4E00079DCF /* Release */ = {
			isa = XCBuildConfiguration;
			buildSettings = {
				BUNDLE_LOADER = "$(TEST_HOST)";
				CLANG_ENABLE_MODULES = YES;
				INFOPLIST_FILE = UTests/Info.plist;
				LD_RUNPATH_SEARCH_PATHS = "$(inherited) @executable_path/Frameworks @loader_path/Frameworks";
				LIBRARY_SEARCH_PATHS = (
					"$(inherited)",
					"$(PROJECT_DIR)/U/Third/UMessage_Sdk_1.2.6",
					"$(PROJECT_DIR)/U/Third/UMAnalytics_Sdk_3.6.6",
				);
				PRODUCT_BUNDLE_IDENTIFIER = "---.UTests";
				PRODUCT_NAME = "$(TARGET_NAME)";
				SWIFT_OBJC_BRIDGING_HEADER = "U/UTests-Bridging-Header.h";
				TEST_HOST = "$(BUILT_PRODUCTS_DIR)/U.app/U";
			};
			name = Release;
		};
		989397EC1CD9BE4E00079DCF /* Debug */ = {
			isa = XCBuildConfiguration;
			buildSettings = {
				CLANG_ENABLE_MODULES = YES;
				INFOPLIST_FILE = UUITests/Info.plist;
				LD_RUNPATH_SEARCH_PATHS = "$(inherited) @executable_path/Frameworks @loader_path/Frameworks";
				LIBRARY_SEARCH_PATHS = (
					"$(inherited)",
					"$(PROJECT_DIR)/U/Third/UMessage_Sdk_1.2.6",
					"$(PROJECT_DIR)/U/Third/UMAnalytics_Sdk_3.6.6",
				);
				PRODUCT_BUNDLE_IDENTIFIER = "---.UUITests";
				PRODUCT_NAME = "$(TARGET_NAME)";
				SWIFT_OBJC_BRIDGING_HEADER = "U/UUITests-Bridging-Header.h";
				SWIFT_OPTIMIZATION_LEVEL = "-Onone";
				TEST_TARGET_NAME = U;
			};
			name = Debug;
		};
		989397ED1CD9BE4E00079DCF /* Release */ = {
			isa = XCBuildConfiguration;
			buildSettings = {
				CLANG_ENABLE_MODULES = YES;
				INFOPLIST_FILE = UUITests/Info.plist;
				LD_RUNPATH_SEARCH_PATHS = "$(inherited) @executable_path/Frameworks @loader_path/Frameworks";
				LIBRARY_SEARCH_PATHS = (
					"$(inherited)",
					"$(PROJECT_DIR)/U/Third/UMessage_Sdk_1.2.6",
					"$(PROJECT_DIR)/U/Third/UMAnalytics_Sdk_3.6.6",
				);
				PRODUCT_BUNDLE_IDENTIFIER = "---.UUITests";
				PRODUCT_NAME = "$(TARGET_NAME)";
				SWIFT_OBJC_BRIDGING_HEADER = "U/UUITests-Bridging-Header.h";
				TEST_TARGET_NAME = U;
			};
			name = Release;
		};
/* End XCBuildConfiguration section */

/* Begin XCConfigurationList section */
		989397B81CD9BE4E00079DCF /* Build configuration list for PBXProject "U" */ = {
			isa = XCConfigurationList;
			buildConfigurations = (
				989397E31CD9BE4E00079DCF /* Debug */,
				989397E41CD9BE4E00079DCF /* Release */,
			);
			defaultConfigurationIsVisible = 0;
			defaultConfigurationName = Release;
		};
		989397E51CD9BE4E00079DCF /* Build configuration list for PBXNativeTarget "U" */ = {
			isa = XCConfigurationList;
			buildConfigurations = (
				989397E61CD9BE4E00079DCF /* Debug */,
				989397E71CD9BE4E00079DCF /* Release */,
			);
			defaultConfigurationIsVisible = 0;
			defaultConfigurationName = Release;
		};
		989397E81CD9BE4E00079DCF /* Build configuration list for PBXNativeTarget "UTests" */ = {
			isa = XCConfigurationList;
			buildConfigurations = (
				989397E91CD9BE4E00079DCF /* Debug */,
				989397EA1CD9BE4E00079DCF /* Release */,
			);
			defaultConfigurationIsVisible = 0;
			defaultConfigurationName = Release;
		};
		989397EB1CD9BE4E00079DCF /* Build configuration list for PBXNativeTarget "UUITests" */ = {
			isa = XCConfigurationList;
			buildConfigurations = (
				989397EC1CD9BE4E00079DCF /* Debug */,
				989397ED1CD9BE4E00079DCF /* Release */,
			);
			defaultConfigurationIsVisible = 0;
			defaultConfigurationName = Release;
		};
/* End XCConfigurationList section */
	};
	rootObject = 989397B51CD9BE4E00079DCF /* Project object */;
}
