// !$*UTF8*$!
{
	archiveVersion = 1;
	classes = {
	};
	objectVersion = 46;
	objects = {

/* Begin PBXBuildFile section */
		0A444C3E0EBD4EE104F57A22 /* Pods_U.framework in Frameworks */ = {isa = PBXBuildFile; fileRef = 6F09D101DC14949B99C41E6A /* Pods_U.framework */; };
		9806E31A1FF7727B002D31D2 /* PushMessageModel.swift in Sources */ = {isa = PBXBuildFile; fileRef = 9806E3191FF7727B002D31D2 /* PushMessageModel.swift */; };
		9815A5CA1FC312A20000B32C /* DZMTextViewPlaceholder.swift in Sources */ = {isa = PBXBuildFile; fileRef = 9815A5C01FC312A10000B32C /* DZMTextViewPlaceholder.swift */; };
		9815A5CD1FC312A20000B32C /* ATAppUpdater.m in Sources */ = {isa = PBXBuildFile; fileRef = 9815A5C81FC312A20000B32C /* ATAppUpdater.m */; };
		98264F1A1CF93A0E0028124B /* Localizable.strings in Resources */ = {isa = PBXBuildFile; fileRef = 98264F1C1CF93A0E0028124B /* Localizable.strings */; };
		982A6F251FC3380000C7B68C /* libUMessage_Sdk_1.5.0a.a in Frameworks */ = {isa = PBXBuildFile; fileRef = 982A6F241FC3380000C7B68C /* libUMessage_Sdk_1.5.0a.a */; };
		984B54611FF7A63300270327 /* Stickers.xcassets in Resources */ = {isa = PBXBuildFile; fileRef = 984B54601FF7A63300270327 /* Stickers.xcassets */; };
		984B54651FF7A63300270327 /* StickerPack.appex in Embed App Extensions */ = {isa = PBXBuildFile; fileRef = 984B545E1FF7A63200270327 /* StickerPack.appex */; settings = {ATTRIBUTES = (RemoveHeadersOnCopy, ); }; };
		985C34FE1FC262E5006A59D5 /* UserNotifications.framework in Frameworks */ = {isa = PBXBuildFile; fileRef = 985C34FD1FC262E5006A59D5 /* UserNotifications.framework */; };
		989397C11CD9BE4E00079DCF /* AppDelegate.swift in Sources */ = {isa = PBXBuildFile; fileRef = 989397C01CD9BE4E00079DCF /* AppDelegate.swift */; };
		989397C31CD9BE4E00079DCF /* RootViewController.swift in Sources */ = {isa = PBXBuildFile; fileRef = 989397C21CD9BE4E00079DCF /* RootViewController.swift */; };
		989397C61CD9BE4E00079DCF /* Main.storyboard in Resources */ = {isa = PBXBuildFile; fileRef = 989397C41CD9BE4E00079DCF /* Main.storyboard */; };
		989397C81CD9BE4E00079DCF /* Assets.xcassets in Resources */ = {isa = PBXBuildFile; fileRef = 989397C71CD9BE4E00079DCF /* Assets.xcassets */; };
		989397CB1CD9BE4E00079DCF /* LaunchScreen.storyboard in Resources */ = {isa = PBXBuildFile; fileRef = 989397C91CD9BE4E00079DCF /* LaunchScreen.storyboard */; };
		989397F61CD9D9D400079DCF /* MainNavigationController.swift in Sources */ = {isa = PBXBuildFile; fileRef = 989397F51CD9D9D400079DCF /* MainNavigationController.swift */; };
		9893980D1CD9EEB100079DCF /* MyVoiceViewController.swift in Sources */ = {isa = PBXBuildFile; fileRef = 9893980B1CD9EEB100079DCF /* MyVoiceViewController.swift */; };
		989398101CD9EEB100079DCF /* MyVoiceViewController.xib in Resources */ = {isa = PBXBuildFile; fileRef = 9893980C1CD9EEB100079DCF /* MyVoiceViewController.xib */; };
		9893981B1CDA04AB00079DCF /* MeViewController.swift in Sources */ = {isa = PBXBuildFile; fileRef = 989398191CDA04AB00079DCF /* MeViewController.swift */; };
		9893981E1CDA04AB00079DCF /* MeViewController.xib in Resources */ = {isa = PBXBuildFile; fileRef = 9893981A1CDA04AB00079DCF /* MeViewController.xib */; };
		98E87F0F1CF0DEB600B16A31 /* GLViewController.swift in Sources */ = {isa = PBXBuildFile; fileRef = 98E87F0D1CF0DEB600B16A31 /* GLViewController.swift */; };
		98E87F101CF0DEB600B16A31 /* GLViewController.xib in Resources */ = {isa = PBXBuildFile; fileRef = 98E87F0E1CF0DEB600B16A31 /* GLViewController.xib */; };
/* End PBXBuildFile section */

/* Begin PBXContainerItemProxy section */
		984B54631FF7A63300270327 /* PBXContainerItemProxy */ = {
			isa = PBXContainerItemProxy;
			containerPortal = 989397B51CD9BE4E00079DCF /* Project object */;
			proxyType = 1;
			remoteGlobalIDString = 984B545D1FF7A63200270327;
			remoteInfo = StickerPack;
		};
/* End PBXContainerItemProxy section */

/* Begin PBXCopyFilesBuildPhase section */
		984B54691FF7A63300270327 /* Embed App Extensions */ = {
			isa = PBXCopyFilesBuildPhase;
			buildActionMask = 2147483647;
			dstPath = "";
			dstSubfolderSpec = 13;
			files = (
				984B54651FF7A63300270327 /* StickerPack.appex in Embed App Extensions */,
			);
			name = "Embed App Extensions";
			runOnlyForDeploymentPostprocessing = 0;
		};
/* End PBXCopyFilesBuildPhase section */

/* Begin PBXFileReference section */
		00290377EC9EE0E644CDD8BF /* Pods-U.release.xcconfig */ = {isa = PBXFileReference; includeInIndex = 1; lastKnownFileType = text.xcconfig; name = "Pods-U.release.xcconfig"; path = "Pods/Target Support Files/Pods-U/Pods-U.release.xcconfig"; sourceTree = "<group>"; };
		6F09D101DC14949B99C41E6A /* Pods_U.framework */ = {isa = PBXFileReference; explicitFileType = wrapper.framework; includeInIndex = 0; path = Pods_U.framework; sourceTree = BUILT_PRODUCTS_DIR; };
		7DB6DE6C835FD066CF13AA6E /* Pods-U.debug.xcconfig */ = {isa = PBXFileReference; includeInIndex = 1; lastKnownFileType = text.xcconfig; name = "Pods-U.debug.xcconfig"; path = "Pods/Target Support Files/Pods-U/Pods-U.debug.xcconfig"; sourceTree = "<group>"; };
		9806E3191FF7727B002D31D2 /* PushMessageModel.swift */ = {isa = PBXFileReference; lastKnownFileType = sourcecode.swift; path = PushMessageModel.swift; sourceTree = "<group>"; };
		9815A5C01FC312A10000B32C /* DZMTextViewPlaceholder.swift */ = {isa = PBXFileReference; fileEncoding = 4; lastKnownFileType = sourcecode.swift; path = DZMTextViewPlaceholder.swift; sourceTree = "<group>"; };
		9815A5C31FC312A10000B32C /* UMessage.h */ = {isa = PBXFileReference; fileEncoding = 4; lastKnownFileType = sourcecode.c.h; path = UMessage.h; sourceTree = "<group>"; };
		9815A5C71FC312A20000B32C /* ATAppUpdater.h */ = {isa = PBXFileReference; fileEncoding = 4; lastKnownFileType = sourcecode.c.h; path = ATAppUpdater.h; sourceTree = "<group>"; };
		9815A5C81FC312A20000B32C /* ATAppUpdater.m */ = {isa = PBXFileReference; fileEncoding = 4; lastKnownFileType = sourcecode.c.objc; path = ATAppUpdater.m; sourceTree = "<group>"; };
		98264F121CF937C60028124B /* zh-Hant */ = {isa = PBXFileReference; lastKnownFileType = file.storyboard; name = "zh-Hant"; path = "zh-Hant.lproj/Main.storyboard"; sourceTree = "<group>"; };
		98264F131CF937C60028124B /* ja */ = {isa = PBXFileReference; lastKnownFileType = file.storyboard; name = ja; path = ja.lproj/Main.storyboard; sourceTree = "<group>"; };
		98264F141CF937C60028124B /* ko */ = {isa = PBXFileReference; lastKnownFileType = file.storyboard; name = ko; path = ko.lproj/Main.storyboard; sourceTree = "<group>"; };
		98264F151CF937C60028124B /* zh-Hans */ = {isa = PBXFileReference; lastKnownFileType = file.storyboard; name = "zh-Hans"; path = "zh-Hans.lproj/Main.storyboard"; sourceTree = "<group>"; };
		98264F171CF937C90028124B /* en */ = {isa = PBXFileReference; lastKnownFileType = file.storyboard; name = en; path = en.lproj/Main.storyboard; sourceTree = "<group>"; };
		98264F1B1CF93A0E0028124B /* en */ = {isa = PBXFileReference; lastKnownFileType = text.plist.strings; name = en; path = en.lproj/Localizable.strings; sourceTree = "<group>"; };
		98264F1D1CF93A100028124B /* zh-Hans */ = {isa = PBXFileReference; lastKnownFileType = text.plist.strings; name = "zh-Hans"; path = "zh-Hans.lproj/Localizable.strings"; sourceTree = "<group>"; };
		98264F1E1CF93A110028124B /* zh-Hant */ = {isa = PBXFileReference; lastKnownFileType = text.plist.strings; name = "zh-Hant"; path = "zh-Hant.lproj/Localizable.strings"; sourceTree = "<group>"; };
		98264F1F1CF93A120028124B /* ja */ = {isa = PBXFileReference; lastKnownFileType = text.plist.strings; name = ja; path = ja.lproj/Localizable.strings; sourceTree = "<group>"; };
		98264F201CF93A140028124B /* ko */ = {isa = PBXFileReference; lastKnownFileType = text.plist.strings; name = ko; path = ko.lproj/Localizable.strings; sourceTree = "<group>"; };
		982A6F241FC3380000C7B68C /* libUMessage_Sdk_1.5.0a.a */ = {isa = PBXFileReference; lastKnownFileType = archive.ar; path = libUMessage_Sdk_1.5.0a.a; sourceTree = "<group>"; };
		983DEA3B1CDA47B300D247C1 /* U-Bridging-Header.h */ = {isa = PBXFileReference; lastKnownFileType = sourcecode.c.h; path = "U-Bridging-Header.h"; sourceTree = "<group>"; };
		984B545E1FF7A63200270327 /* StickerPack.appex */ = {isa = PBXFileReference; explicitFileType = "wrapper.app-extension"; includeInIndex = 0; path = StickerPack.appex; sourceTree = BUILT_PRODUCTS_DIR; };
		984B54601FF7A63300270327 /* Stickers.xcassets */ = {isa = PBXFileReference; lastKnownFileType = folder.assetcatalog; path = Stickers.xcassets; sourceTree = "<group>"; };
		984B54621FF7A63300270327 /* Info.plist */ = {isa = PBXFileReference; lastKnownFileType = text.plist.xml; path = Info.plist; sourceTree = "<group>"; };
		985C34FD1FC262E5006A59D5 /* UserNotifications.framework */ = {isa = PBXFileReference; lastKnownFileType = wrapper.framework; name = UserNotifications.framework; path = System/Library/Frameworks/UserNotifications.framework; sourceTree = SDKROOT; };
		985C35031FC2767E006A59D5 /* U.entitlements */ = {isa = PBXFileReference; lastKnownFileType = text.plist.entitlements; path = U.entitlements; sourceTree = "<group>"; };
		986C26BD1CF85C8F003D3D3D /* zh-Hant */ = {isa = PBXFileReference; lastKnownFileType = text.plist.strings; name = "zh-Hant"; path = "zh-Hant.lproj/LaunchScreen.strings"; sourceTree = "<group>"; };
		986C26C01CF85C9B003D3D3D /* ja */ = {isa = PBXFileReference; lastKnownFileType = text.plist.strings; name = ja; path = ja.lproj/LaunchScreen.strings; sourceTree = "<group>"; };
		986C26C31CF85CA0003D3D3D /* ko */ = {isa = PBXFileReference; lastKnownFileType = text.plist.strings; name = ko; path = ko.lproj/LaunchScreen.strings; sourceTree = "<group>"; };
		989397BD1CD9BE4E00079DCF /* U.app */ = {isa = PBXFileReference; explicitFileType = wrapper.application; includeInIndex = 0; path = U.app; sourceTree = BUILT_PRODUCTS_DIR; };
		989397C01CD9BE4E00079DCF /* AppDelegate.swift */ = {isa = PBXFileReference; lastKnownFileType = sourcecode.swift; path = AppDelegate.swift; sourceTree = "<group>"; };
		989397C21CD9BE4E00079DCF /* RootViewController.swift */ = {isa = PBXFileReference; lastKnownFileType = sourcecode.swift; path = RootViewController.swift; sourceTree = "<group>"; };
		989397C71CD9BE4E00079DCF /* Assets.xcassets */ = {isa = PBXFileReference; lastKnownFileType = folder.assetcatalog; path = Assets.xcassets; sourceTree = "<group>"; };
		989397CA1CD9BE4E00079DCF /* Base */ = {isa = PBXFileReference; lastKnownFileType = file.storyboard; name = Base; path = Base.lproj/LaunchScreen.storyboard; sourceTree = "<group>"; };
		989397CC1CD9BE4E00079DCF /* Info.plist */ = {isa = PBXFileReference; lastKnownFileType = text.plist.xml; path = Info.plist; sourceTree = "<group>"; };
		989397F51CD9D9D400079DCF /* MainNavigationController.swift */ = {isa = PBXFileReference; fileEncoding = 4; lastKnownFileType = sourcecode.swift; path = MainNavigationController.swift; sourceTree = "<group>"; };
		9893980B1CD9EEB100079DCF /* MyVoiceViewController.swift */ = {isa = PBXFileReference; fileEncoding = 4; lastKnownFileType = sourcecode.swift; path = MyVoiceViewController.swift; sourceTree = "<group>"; };
		9893980C1CD9EEB100079DCF /* MyVoiceViewController.xib */ = {isa = PBXFileReference; fileEncoding = 4; lastKnownFileType = file.xib; path = MyVoiceViewController.xib; sourceTree = "<group>"; };
		989398191CDA04AB00079DCF /* MeViewController.swift */ = {isa = PBXFileReference; fileEncoding = 4; lastKnownFileType = sourcecode.swift; path = MeViewController.swift; sourceTree = "<group>"; };
		9893981A1CDA04AB00079DCF /* MeViewController.xib */ = {isa = PBXFileReference; fileEncoding = 4; lastKnownFileType = file.xib; path = MeViewController.xib; sourceTree = "<group>"; };
		98E87F0D1CF0DEB600B16A31 /* GLViewController.swift */ = {isa = PBXFileReference; fileEncoding = 4; lastKnownFileType = sourcecode.swift; path = GLViewController.swift; sourceTree = "<group>"; };
		98E87F0E1CF0DEB600B16A31 /* GLViewController.xib */ = {isa = PBXFileReference; fileEncoding = 4; lastKnownFileType = file.xib; path = GLViewController.xib; sourceTree = "<group>"; };
		98F9710E1D13AA1100E7A0F0 /* es */ = {isa = PBXFileReference; lastKnownFileType = text.plist.strings; name = es; path = es.lproj/LaunchScreen.strings; sourceTree = "<group>"; };
		98F9710F1D13AA1100E7A0F0 /* es */ = {isa = PBXFileReference; lastKnownFileType = file.storyboard; name = es; path = es.lproj/Main.storyboard; sourceTree = "<group>"; };
		98F971101D13AA1100E7A0F0 /* es */ = {isa = PBXFileReference; lastKnownFileType = text.plist.strings; name = es; path = es.lproj/Localizable.strings; sourceTree = "<group>"; };
		98F971111D13AA7800E7A0F0 /* fr */ = {isa = PBXFileReference; lastKnownFileType = text.plist.strings; name = fr; path = fr.lproj/LaunchScreen.strings; sourceTree = "<group>"; };
		98F971121D13AA7800E7A0F0 /* fr */ = {isa = PBXFileReference; lastKnownFileType = file.storyboard; name = fr; path = fr.lproj/Main.storyboard; sourceTree = "<group>"; };
		98F971131D13AA7800E7A0F0 /* fr */ = {isa = PBXFileReference; lastKnownFileType = text.plist.strings; name = fr; path = fr.lproj/Localizable.strings; sourceTree = "<group>"; };
		98F971141D13AA8C00E7A0F0 /* de */ = {isa = PBXFileReference; lastKnownFileType = text.plist.strings; name = de; path = de.lproj/LaunchScreen.strings; sourceTree = "<group>"; };
		98F971151D13AA8C00E7A0F0 /* de */ = {isa = PBXFileReference; lastKnownFileType = file.storyboard; name = de; path = de.lproj/Main.storyboard; sourceTree = "<group>"; };
		98F971161D13AA8C00E7A0F0 /* de */ = {isa = PBXFileReference; lastKnownFileType = text.plist.strings; name = de; path = de.lproj/Localizable.strings; sourceTree = "<group>"; };
/* End PBXFileReference section */

/* Begin PBXFrameworksBuildPhase section */
		989397BA1CD9BE4E00079DCF /* Frameworks */ = {
			isa = PBXFrameworksBuildPhase;
			buildActionMask = 2147483647;
			files = (
				982A6F251FC3380000C7B68C /* libUMessage_Sdk_1.5.0a.a in Frameworks */,
				985C34FE1FC262E5006A59D5 /* UserNotifications.framework in Frameworks */,
				0A444C3E0EBD4EE104F57A22 /* Pods_U.framework in Frameworks */,
			);
			runOnlyForDeploymentPostprocessing = 0;
		};
/* End PBXFrameworksBuildPhase section */

/* Begin PBXGroup section */
		9815A5BF1FC312A10000B32C /* PlaceholderTextView */ = {
			isa = PBXGroup;
			children = (
				9815A5C01FC312A10000B32C /* DZMTextViewPlaceholder.swift */,
			);
			path = PlaceholderTextView;
			sourceTree = "<group>";
		};
		9815A5C11FC312A10000B32C /* UMessage_Sdk_1.5.0a */ = {
			isa = PBXGroup;
			children = (
				982A6F241FC3380000C7B68C /* libUMessage_Sdk_1.5.0a.a */,
				9815A5C31FC312A10000B32C /* UMessage.h */,
			);
			path = UMessage_Sdk_1.5.0a;
			sourceTree = "<group>";
		};
		9815A5C61FC312A20000B32C /* ATAppUpdater */ = {
			isa = PBXGroup;
			children = (
				9815A5C71FC312A20000B32C /* ATAppUpdater.h */,
				9815A5C81FC312A20000B32C /* ATAppUpdater.m */,
			);
			path = ATAppUpdater;
			sourceTree = "<group>";
		};
		984B545F1FF7A63300270327 /* StickerPack */ = {
			isa = PBXGroup;
			children = (
				984B54601FF7A63300270327 /* Stickers.xcassets */,
				984B54621FF7A63300270327 /* Info.plist */,
			);
			path = StickerPack;
			sourceTree = "<group>";
		};
		989397B41CD9BE4E00079DCF = {
			isa = PBXGroup;
			children = (
				989397BF1CD9BE4E00079DCF /* U */,
				984B545F1FF7A63300270327 /* StickerPack */,
				989397BE1CD9BE4E00079DCF /* Products */,
				98BFD9F61E1660BA008A45E5 /* Frameworks */,
				A014F265A8B45F18A3402C5D /* Pods */,
			);
			sourceTree = "<group>";
		};
		989397BE1CD9BE4E00079DCF /* Products */ = {
			isa = PBXGroup;
			children = (
				989397BD1CD9BE4E00079DCF /* U.app */,
				984B545E1FF7A63200270327 /* StickerPack.appex */,
			);
			name = Products;
			sourceTree = "<group>";
		};
		989397BF1CD9BE4E00079DCF /* U */ = {
			isa = PBXGroup;
			children = (
				985C35031FC2767E006A59D5 /* U.entitlements */,
				989397EE1CD9BE9C00079DCF /* Third */,
				989397C01CD9BE4E00079DCF /* AppDelegate.swift */,
				9806E3191FF7727B002D31D2 /* PushMessageModel.swift */,
				989397C21CD9BE4E00079DCF /* RootViewController.swift */,
				9893980B1CD9EEB100079DCF /* MyVoiceViewController.swift */,
				9893980C1CD9EEB100079DCF /* MyVoiceViewController.xib */,
				989398191CDA04AB00079DCF /* MeViewController.swift */,
				9893981A1CDA04AB00079DCF /* MeViewController.xib */,
				98E87F0D1CF0DEB600B16A31 /* GLViewController.swift */,
				98E87F0E1CF0DEB600B16A31 /* GLViewController.xib */,
				989397F51CD9D9D400079DCF /* MainNavigationController.swift */,
				989397C41CD9BE4E00079DCF /* Main.storyboard */,
				989397C71CD9BE4E00079DCF /* Assets.xcassets */,
				989397C91CD9BE4E00079DCF /* LaunchScreen.storyboard */,
				989397CC1CD9BE4E00079DCF /* Info.plist */,
				98264F1C1CF93A0E0028124B /* Localizable.strings */,
				983DEA3B1CDA47B300D247C1 /* U-Bridging-Header.h */,
			);
			path = U;
			sourceTree = "<group>";
		};
		989397EE1CD9BE9C00079DCF /* Third */ = {
			isa = PBXGroup;
			children = (
				9815A5C61FC312A20000B32C /* ATAppUpdater */,
				9815A5BF1FC312A10000B32C /* PlaceholderTextView */,
				9815A5C11FC312A10000B32C /* UMessage_Sdk_1.5.0a */,
			);
			path = Third;
			sourceTree = "<group>";
		};
		98BFD9F61E1660BA008A45E5 /* Frameworks */ = {
			isa = PBXGroup;
			children = (
				985C34FD1FC262E5006A59D5 /* UserNotifications.framework */,
				6F09D101DC14949B99C41E6A /* Pods_U.framework */,
			);
			name = Frameworks;
			sourceTree = "<group>";
		};
		A014F265A8B45F18A3402C5D /* Pods */ = {
			isa = PBXGroup;
			children = (
				7DB6DE6C835FD066CF13AA6E /* Pods-U.debug.xcconfig */,
				00290377EC9EE0E644CDD8BF /* Pods-U.release.xcconfig */,
			);
			name = Pods;
			sourceTree = "<group>";
		};
/* End PBXGroup section */

/* Begin PBXNativeTarget section */
		984B545D1FF7A63200270327 /* StickerPack */ = {
			isa = PBXNativeTarget;
			buildConfigurationList = 984B54661FF7A63300270327 /* Build configuration list for PBXNativeTarget "StickerPack" */;
			buildPhases = (
				984B545C1FF7A63200270327 /* Resources */,
			);
			buildRules = (
			);
			dependencies = (
			);
			name = StickerPack;
			productName = StickerPack;
			productReference = 984B545E1FF7A63200270327 /* StickerPack.appex */;
			productType = "com.apple.product-type.app-extension.messages-sticker-pack";
		};
		989397BC1CD9BE4E00079DCF /* U */ = {
			isa = PBXNativeTarget;
			buildConfigurationList = 989397E51CD9BE4E00079DCF /* Build configuration list for PBXNativeTarget "U" */;
			buildPhases = (
				FBA36D3C2BE34718ABCBE73E /* [CP] Check Pods Manifest.lock */,
				989397B91CD9BE4E00079DCF /* Sources */,
				989397BA1CD9BE4E00079DCF /* Frameworks */,
				989397BB1CD9BE4E00079DCF /* Resources */,
				3C42B54A18619159AF7A9836 /* [CP] Embed Pods Frameworks */,
				6A5D45405F8E2F1E90B0BBC3 /* [CP] Copy Pods Resources */,
				984B54691FF7A63300270327 /* Embed App Extensions */,
			);
			buildRules = (
			);
			dependencies = (
				984B54641FF7A63300270327 /* PBXTargetDependency */,
			);
			name = U;
			productName = U;
			productReference = 989397BD1CD9BE4E00079DCF /* U.app */;
			productType = "com.apple.product-type.application";
		};
/* End PBXNativeTarget section */

/* Begin PBXProject section */
		989397B51CD9BE4E00079DCF /* Project object */ = {
			isa = PBXProject;
			attributes = {
				LastSwiftUpdateCheck = 0730;
				LastUpgradeCheck = 0800;
				ORGANIZATIONNAME = "王建雨";
				TargetAttributes = {
					984B545D1FF7A63200270327 = {
						CreatedOnToolsVersion = 9.1;
						DevelopmentTeam = TXSG7PC5L6;
						ProvisioningStyle = Automatic;
					};
					989397BC1CD9BE4E00079DCF = {
						CreatedOnToolsVersion = 7.3;
						DevelopmentTeam = TXSG7PC5L6;
						LastSwiftMigration = 0800;
						ProvisioningStyle = Automatic;
						SystemCapabilities = {
							com.apple.Push = {
								enabled = 1;
							};
						};
					};
				};
			};
			buildConfigurationList = 989397B81CD9BE4E00079DCF /* Build configuration list for PBXProject "U" */;
			compatibilityVersion = "Xcode 3.2";
			developmentRegion = English;
			hasScannedForEncodings = 0;
			knownRegions = (
				en,
				Base,
				"zh-Hans",
				"zh-Hant",
				ja,
				ko,
				es,
				fr,
				de,
			);
			mainGroup = 989397B41CD9BE4E00079DCF;
			productRefGroup = 989397BE1CD9BE4E00079DCF /* Products */;
			projectDirPath = "";
			projectRoot = "";
			targets = (
				989397BC1CD9BE4E00079DCF /* U */,
				984B545D1FF7A63200270327 /* StickerPack */,
			);
		};
/* End PBXProject section */

/* Begin PBXResourcesBuildPhase section */
		984B545C1FF7A63200270327 /* Resources */ = {
			isa = PBXResourcesBuildPhase;
			buildActionMask = 2147483647;
			files = (
				984B54611FF7A63300270327 /* Stickers.xcassets in Resources */,
			);
			runOnlyForDeploymentPostprocessing = 0;
		};
		989397BB1CD9BE4E00079DCF /* Resources */ = {
			isa = PBXResourcesBuildPhase;
			buildActionMask = 2147483647;
			files = (
				989397CB1CD9BE4E00079DCF /* LaunchScreen.storyboard in Resources */,
				989398101CD9EEB100079DCF /* MyVoiceViewController.xib in Resources */,
				9893981E1CDA04AB00079DCF /* MeViewController.xib in Resources */,
				989397C81CD9BE4E00079DCF /* Assets.xcassets in Resources */,
				98264F1A1CF93A0E0028124B /* Localizable.strings in Resources */,
				989397C61CD9BE4E00079DCF /* Main.storyboard in Resources */,
				98E87F101CF0DEB600B16A31 /* GLViewController.xib in Resources */,
			);
			runOnlyForDeploymentPostprocessing = 0;
		};
/* End PBXResourcesBuildPhase section */

/* Begin PBXShellScriptBuildPhase section */
		3C42B54A18619159AF7A9836 /* [CP] Embed Pods Frameworks */ = {
			isa = PBXShellScriptBuildPhase;
			buildActionMask = 12;
			files = (
			);
			inputPaths = (
				"${SRCROOT}/Pods/Target Support Files/Pods-U/Pods-U-frameworks.sh",
				"${BUILT_PRODUCTS_DIR}/GlitchLabel/GlitchLabel.framework",
				"${BUILT_PRODUCTS_DIR}/LLSwitch/LLSwitch.framework",
				"${BUILT_PRODUCTS_DIR}/LTMorphingLabel/LTMorphingLabel.framework",
				"${BUILT_PRODUCTS_DIR}/PathMenu/PathMenu.framework",
				"${BUILT_PRODUCTS_DIR}/SCLAlertView/SCLAlertView.framework",
				"${BUILT_PRODUCTS_DIR}/SwiftyJSON/SwiftyJSON.framework",
				"${BUILT_PRODUCTS_DIR}/iRate/iRate.framework",
			);
			name = "[CP] Embed Pods Frameworks";
			outputPaths = (
				"${TARGET_BUILD_DIR}/${FRAMEWORKS_FOLDER_PATH}/GlitchLabel.framework",
				"${TARGET_BUILD_DIR}/${FRAMEWORKS_FOLDER_PATH}/LLSwitch.framework",
				"${TARGET_BUILD_DIR}/${FRAMEWORKS_FOLDER_PATH}/LTMorphingLabel.framework",
				"${TARGET_BUILD_DIR}/${FRAMEWORKS_FOLDER_PATH}/PathMenu.framework",
				"${TARGET_BUILD_DIR}/${FRAMEWORKS_FOLDER_PATH}/SCLAlertView.framework",
				"${TARGET_BUILD_DIR}/${FRAMEWORKS_FOLDER_PATH}/SwiftyJSON.framework",
				"${TARGET_BUILD_DIR}/${FRAMEWORKS_FOLDER_PATH}/iRate.framework",
			);
			runOnlyForDeploymentPostprocessing = 0;
			shellPath = /bin/sh;
			shellScript = "\"${SRCROOT}/Pods/Target Support Files/Pods-U/Pods-U-frameworks.sh\"\n";
			showEnvVarsInLog = 0;
		};
		6A5D45405F8E2F1E90B0BBC3 /* [CP] Copy Pods Resources */ = {
			isa = PBXShellScriptBuildPhase;
			buildActionMask = 12;
			files = (
			);
			inputPaths = (
				"${SRCROOT}/Pods/Target Support Files/Pods-U/Pods-U-resources.sh",
				"${PODS_ROOT}/Bugtags/Bugtags.bundle",
			);
			name = "[CP] Copy Pods Resources";
			outputPaths = (
				"${TARGET_BUILD_DIR}/${UNLOCALIZED_RESOURCES_FOLDER_PATH}",
			);
			runOnlyForDeploymentPostprocessing = 0;
			shellPath = /bin/sh;
			shellScript = "\"${SRCROOT}/Pods/Target Support Files/Pods-U/Pods-U-resources.sh\"\n";
			showEnvVarsInLog = 0;
		};
		FBA36D3C2BE34718ABCBE73E /* [CP] Check Pods Manifest.lock */ = {
			isa = PBXShellScriptBuildPhase;
			buildActionMask = 12;
			files = (
			);
			inputPaths = (
				"${PODS_PODFILE_DIR_PATH}/Podfile.lock",
				"${PODS_ROOT}/Manifest.lock",
			);
			name = "[CP] Check Pods Manifest.lock";
			outputPaths = (
				"$(DERIVED_FILE_DIR)/Pods-U-checkManifestLockResult.txt",
			);
			runOnlyForDeploymentPostprocessing = 0;
			shellPath = /bin/sh;
			shellScript = "diff \"${PODS_PODFILE_DIR_PATH}/Podfile.lock\" \"${PODS_ROOT}/Manifest.lock\" > /dev/null\nif [ $? != 0 ] ; then\n    # print error to STDERR\n    echo \"error: The sandbox is not in sync with the Podfile.lock. Run 'pod install' or update your CocoaPods installation.\" >&2\n    exit 1\nfi\n# This output is used by Xcode 'outputs' to avoid re-running this script phase.\necho \"SUCCESS\" > \"${SCRIPT_OUTPUT_FILE_0}\"\n";
			showEnvVarsInLog = 0;
		};
/* End PBXShellScriptBuildPhase section */

/* Begin PBXSourcesBuildPhase section */
		989397B91CD9BE4E00079DCF /* Sources */ = {
			isa = PBXSourcesBuildPhase;
			buildActionMask = 2147483647;
			files = (
				989397C31CD9BE4E00079DCF /* RootViewController.swift in Sources */,
				9806E31A1FF7727B002D31D2 /* PushMessageModel.swift in Sources */,
				9815A5CD1FC312A20000B32C /* ATAppUpdater.m in Sources */,
				98E87F0F1CF0DEB600B16A31 /* GLViewController.swift in Sources */,
				9893981B1CDA04AB00079DCF /* MeViewController.swift in Sources */,
				9893980D1CD9EEB100079DCF /* MyVoiceViewController.swift in Sources */,
				989397C11CD9BE4E00079DCF /* AppDelegate.swift in Sources */,
				9815A5CA1FC312A20000B32C /* DZMTextViewPlaceholder.swift in Sources */,
				989397F61CD9D9D400079DCF /* MainNavigationController.swift in Sources */,
			);
			runOnlyForDeploymentPostprocessing = 0;
		};
/* End PBXSourcesBuildPhase section */

/* Begin PBXTargetDependency section */
		984B54641FF7A63300270327 /* PBXTargetDependency */ = {
			isa = PBXTargetDependency;
			target = 984B545D1FF7A63200270327 /* StickerPack */;
			targetProxy = 984B54631FF7A63300270327 /* PBXContainerItemProxy */;
		};
/* End PBXTargetDependency section */

/* Begin PBXVariantGroup section */
		98264F1C1CF93A0E0028124B /* Localizable.strings */ = {
			isa = PBXVariantGroup;
			children = (
				98264F1B1CF93A0E0028124B /* en */,
				98264F1D1CF93A100028124B /* zh-Hans */,
				98264F1E1CF93A110028124B /* zh-Hant */,
				98264F1F1CF93A120028124B /* ja */,
				98264F201CF93A140028124B /* ko */,
				98F971101D13AA1100E7A0F0 /* es */,
				98F971131D13AA7800E7A0F0 /* fr */,
				98F971161D13AA8C00E7A0F0 /* de */,
			);
			name = Localizable.strings;
			sourceTree = "<group>";
		};
		989397C41CD9BE4E00079DCF /* Main.storyboard */ = {
			isa = PBXVariantGroup;
			children = (
				98264F121CF937C60028124B /* zh-Hant */,
				98264F131CF937C60028124B /* ja */,
				98264F141CF937C60028124B /* ko */,
				98264F151CF937C60028124B /* zh-Hans */,
				98264F171CF937C90028124B /* en */,
				98F9710F1D13AA1100E7A0F0 /* es */,
				98F971121D13AA7800E7A0F0 /* fr */,
				98F971151D13AA8C00E7A0F0 /* de */,
			);
			name = Main.storyboard;
			sourceTree = "<group>";
		};
		989397C91CD9BE4E00079DCF /* LaunchScreen.storyboard */ = {
			isa = PBXVariantGroup;
			children = (
				989397CA1CD9BE4E00079DCF /* Base */,
				986C26BD1CF85C8F003D3D3D /* zh-Hant */,
				986C26C01CF85C9B003D3D3D /* ja */,
				986C26C31CF85CA0003D3D3D /* ko */,
				98F9710E1D13AA1100E7A0F0 /* es */,
				98F971111D13AA7800E7A0F0 /* fr */,
				98F971141D13AA8C00E7A0F0 /* de */,
			);
			name = LaunchScreen.storyboard;
			sourceTree = "<group>";
		};
/* End PBXVariantGroup section */

/* Begin XCBuildConfiguration section */
		984B54671FF7A63300270327 /* Debug */ = {
			isa = XCBuildConfiguration;
			buildSettings = {
				ASSETCATALOG_COMPILER_APPICON_NAME = "iMessage App Icon";
				CLANG_ANALYZER_NUMBER_OBJECT_CONVERSION = YES_AGGRESSIVE;
				CLANG_CXX_LANGUAGE_STANDARD = "gnu++14";
				CLANG_WARN_BLOCK_CAPTURE_AUTORELEASING = YES;
				CLANG_WARN_COMMA = YES;
				CLANG_WARN_DOCUMENTATION_COMMENTS = YES;
				CLANG_WARN_NON_LITERAL_NULL_CONVERSION = YES;
				CLANG_WARN_OBJC_LITERAL_CONVERSION = YES;
				CLANG_WARN_RANGE_LOOP_ANALYSIS = YES;
				CLANG_WARN_STRICT_PROTOTYPES = YES;
				CLANG_WARN_UNGUARDED_AVAILABILITY = YES_AGGRESSIVE;
				CODE_SIGN_IDENTITY = "iPhone Developer: jianyu wang (4XUU6CEV36)";
				"CODE_SIGN_IDENTITY[sdk=iphoneos*]" = "iPhone Developer";
				CODE_SIGN_STYLE = Automatic;
				DEVELOPMENT_TEAM = TXSG7PC5L6;
				GCC_C_LANGUAGE_STANDARD = gnu11;
				INFOPLIST_FILE = StickerPack/Info.plist;
				IPHONEOS_DEPLOYMENT_TARGET = 10.0;
				PRODUCT_BUNDLE_IDENTIFIER = "com.BrooksWon.U.-StickerPack";
				PRODUCT_NAME = "$(TARGET_NAME)";
				PROVISIONING_PROFILE = "";
				PROVISIONING_PROFILE_SPECIFIER = "";
				SKIP_INSTALL = YES;
				TARGETED_DEVICE_FAMILY = "1,2";
			};
			name = Debug;
		};
		984B54681FF7A63300270327 /* Release */ = {
			isa = XCBuildConfiguration;
			buildSettings = {
				ASSETCATALOG_COMPILER_APPICON_NAME = "iMessage App Icon";
				CLANG_ANALYZER_NUMBER_OBJECT_CONVERSION = YES_AGGRESSIVE;
				CLANG_CXX_LANGUAGE_STANDARD = "gnu++14";
				CLANG_WARN_BLOCK_CAPTURE_AUTORELEASING = YES;
				CLANG_WARN_COMMA = YES;
				CLANG_WARN_DOCUMENTATION_COMMENTS = YES;
				CLANG_WARN_NON_LITERAL_NULL_CONVERSION = YES;
				CLANG_WARN_OBJC_LITERAL_CONVERSION = YES;
				CLANG_WARN_RANGE_LOOP_ANALYSIS = YES;
				CLANG_WARN_STRICT_PROTOTYPES = YES;
				CLANG_WARN_UNGUARDED_AVAILABILITY = YES_AGGRESSIVE;
				CODE_SIGN_IDENTITY = "iPhone Distribution: jianyu wang (TXSG7PC5L6)";
				"CODE_SIGN_IDENTITY[sdk=iphoneos*]" = "iPhone Developer";
				CODE_SIGN_STYLE = Automatic;
				DEVELOPMENT_TEAM = TXSG7PC5L6;
				GCC_C_LANGUAGE_STANDARD = gnu11;
				INFOPLIST_FILE = StickerPack/Info.plist;
				IPHONEOS_DEPLOYMENT_TARGET = 10.0;
				PRODUCT_BUNDLE_IDENTIFIER = "com.BrooksWon.U.-StickerPack";
				PRODUCT_NAME = "$(TARGET_NAME)";
				PROVISIONING_PROFILE_SPECIFIER = "";
				SKIP_INSTALL = YES;
				TARGETED_DEVICE_FAMILY = "1,2";
			};
			name = Release;
		};
		989397E31CD9BE4E00079DCF /* Debug */ = {
			isa = XCBuildConfiguration;
			buildSettings = {
				ALWAYS_SEARCH_USER_PATHS = NO;
				CLANG_ANALYZER_LOCALIZABILITY_NONLOCALIZED = YES;
				CLANG_ANALYZER_NONNULL = YES;
				CLANG_CXX_LANGUAGE_STANDARD = "gnu++0x";
				CLANG_CXX_LIBRARY = "libc++";
				CLANG_ENABLE_MODULES = YES;
				CLANG_ENABLE_OBJC_ARC = YES;
				CLANG_WARN_BOOL_CONVERSION = YES;
				CLANG_WARN_CONSTANT_CONVERSION = YES;
				CLANG_WARN_DIRECT_OBJC_ISA_USAGE = YES_ERROR;
				CLANG_WARN_EMPTY_BODY = YES;
				CLANG_WARN_ENUM_CONVERSION = YES;
				CLANG_WARN_INFINITE_RECURSION = YES;
				CLANG_WARN_INT_CONVERSION = YES;
				CLANG_WARN_OBJC_ROOT_CLASS = YES_ERROR;
				CLANG_WARN_SUSPICIOUS_MOVE = YES;
				CLANG_WARN_UNREACHABLE_CODE = YES;
				CLANG_WARN__DUPLICATE_METHOD_MATCH = YES;
				"CODE_SIGN_IDENTITY[sdk=iphoneos*]" = "iPhone Developer";
				COPY_PHASE_STRIP = NO;
				DEBUG_INFORMATION_FORMAT = dwarf;
				ENABLE_STRICT_OBJC_MSGSEND = YES;
				ENABLE_TESTABILITY = YES;
				GCC_C_LANGUAGE_STANDARD = gnu99;
				GCC_DYNAMIC_NO_PIC = NO;
				GCC_NO_COMMON_BLOCKS = YES;
				GCC_OPTIMIZATION_LEVEL = 0;
				GCC_PREPROCESSOR_DEFINITIONS = (
					"DEBUG=1",
					"$(inherited)",
				);
				GCC_WARN_64_TO_32_BIT_CONVERSION = YES;
				GCC_WARN_ABOUT_RETURN_TYPE = YES_ERROR;
				GCC_WARN_UNDECLARED_SELECTOR = YES;
				GCC_WARN_UNINITIALIZED_AUTOS = YES_AGGRESSIVE;
				GCC_WARN_UNUSED_FUNCTION = YES;
				GCC_WARN_UNUSED_VARIABLE = YES;
				IPHONEOS_DEPLOYMENT_TARGET = 8.0;
				MTL_ENABLE_DEBUG_INFO = YES;
				ONLY_ACTIVE_ARCH = YES;
				SDKROOT = iphoneos;
				SWIFT_OPTIMIZATION_LEVEL = "-Onone";
				TARGETED_DEVICE_FAMILY = "1,2";
			};
			name = Debug;
		};
		989397E41CD9BE4E00079DCF /* Release */ = {
			isa = XCBuildConfiguration;
			buildSettings = {
				ALWAYS_SEARCH_USER_PATHS = NO;
				CLANG_ANALYZER_LOCALIZABILITY_NONLOCALIZED = YES;
				CLANG_ANALYZER_NONNULL = YES;
				CLANG_CXX_LANGUAGE_STANDARD = "gnu++0x";
				CLANG_CXX_LIBRARY = "libc++";
				CLANG_ENABLE_MODULES = YES;
				CLANG_ENABLE_OBJC_ARC = YES;
				CLANG_WARN_BOOL_CONVERSION = YES;
				CLANG_WARN_CONSTANT_CONVERSION = YES;
				CLANG_WARN_DIRECT_OBJC_ISA_USAGE = YES_ERROR;
				CLANG_WARN_EMPTY_BODY = YES;
				CLANG_WARN_ENUM_CONVERSION = YES;
				CLANG_WARN_INFINITE_RECURSION = YES;
				CLANG_WARN_INT_CONVERSION = YES;
				CLANG_WARN_OBJC_ROOT_CLASS = YES_ERROR;
				CLANG_WARN_SUSPICIOUS_MOVE = YES;
				CLANG_WARN_UNREACHABLE_CODE = YES;
				CLANG_WARN__DUPLICATE_METHOD_MATCH = YES;
				"CODE_SIGN_IDENTITY[sdk=iphoneos*]" = "iPhone Developer";
				COPY_PHASE_STRIP = NO;
				DEBUG_INFORMATION_FORMAT = "dwarf-with-dsym";
				ENABLE_NS_ASSERTIONS = NO;
				ENABLE_STRICT_OBJC_MSGSEND = YES;
				GCC_C_LANGUAGE_STANDARD = gnu99;
				GCC_NO_COMMON_BLOCKS = YES;
				GCC_WARN_64_TO_32_BIT_CONVERSION = YES;
				GCC_WARN_ABOUT_RETURN_TYPE = YES_ERROR;
				GCC_WARN_UNDECLARED_SELECTOR = YES;
				GCC_WARN_UNINITIALIZED_AUTOS = YES_AGGRESSIVE;
				GCC_WARN_UNUSED_FUNCTION = YES;
				GCC_WARN_UNUSED_VARIABLE = YES;
				IPHONEOS_DEPLOYMENT_TARGET = 8.0;
				MTL_ENABLE_DEBUG_INFO = NO;
				SDKROOT = iphoneos;
				SWIFT_OPTIMIZATION_LEVEL = "-Owholemodule";
				TARGETED_DEVICE_FAMILY = "1,2";
				VALIDATE_PRODUCT = YES;
			};
			name = Release;
		};
		989397E61CD9BE4E00079DCF /* Debug */ = {
			isa = XCBuildConfiguration;
			baseConfigurationReference = 7DB6DE6C835FD066CF13AA6E /* Pods-U.debug.xcconfig */;
			buildSettings = {
				ASSETCATALOG_COMPILER_APPICON_NAME = AppIcon;
				CLANG_ENABLE_MODULES = YES;
				CODE_SIGN_ENTITLEMENTS = U/U.entitlements;
				CODE_SIGN_IDENTITY = "iPhone Developer: jianyu wang (4XUU6CEV36)";
				"CODE_SIGN_IDENTITY[sdk=iphoneos*]" = "iPhone Developer";
				CODE_SIGN_STYLE = Automatic;
				DEFINES_MODULE = YES;
				DEVELOPMENT_TEAM = TXSG7PC5L6;
				ENABLE_BITCODE = NO;
				FRAMEWORK_SEARCH_PATHS = "$(inherited)";
				INFOPLIST_FILE = U/Info.plist;
				IPHONEOS_DEPLOYMENT_TARGET = 8.0;
				LD_RUNPATH_SEARCH_PATHS = "$(inherited) @executable_path/Frameworks";
				LIBRARY_SEARCH_PATHS = (
					"$(inherited)",
					"$(PROJECT_DIR)/U/Third/UMessage_Sdk_1.5.0a",
				);
				OTHER_LDFLAGS = "$(inherited)";
				OTHER_SWIFT_FLAGS = "$(inherited) \"-D\" \"COCOAPODS\" -D DEBUG";
				PRODUCT_BUNDLE_IDENTIFIER = com.BrooksWon.U;
				PRODUCT_NAME = "$(TARGET_NAME)";
				PROVISIONING_PROFILE = "";
				PROVISIONING_PROFILE_SPECIFIER = "";
				SWIFT_OBJC_BRIDGING_HEADER = "U/U-Bridging-Header.h";
				SWIFT_OPTIMIZATION_LEVEL = "-Onone";
				SWIFT_VERSION = 4.0;
				TARGETED_DEVICE_FAMILY = 1;
			};
			name = Debug;
		};
		989397E71CD9BE4E00079DCF /* Release */ = {
			isa = XCBuildConfiguration;
			baseConfigurationReference = 00290377EC9EE0E644CDD8BF /* Pods-U.release.xcconfig */;
			buildSettings = {
				ASSETCATALOG_COMPILER_APPICON_NAME = AppIcon;
				CLANG_ENABLE_MODULES = YES;
				CODE_SIGN_ENTITLEMENTS = U/U.entitlements;
				CODE_SIGN_IDENTITY = "iPhone Distribution: jianyu wang (TXSG7PC5L6)";
				"CODE_SIGN_IDENTITY[sdk=iphoneos*]" = "iPhone Developer";
				CODE_SIGN_STYLE = Automatic;
				DEFINES_MODULE = YES;
				DEVELOPMENT_TEAM = TXSG7PC5L6;
				ENABLE_BITCODE = NO;
				FRAMEWORK_SEARCH_PATHS = "$(inherited)";
				INFOPLIST_FILE = U/Info.plist;
				IPHONEOS_DEPLOYMENT_TARGET = 8.0;
				LD_RUNPATH_SEARCH_PATHS = "$(inherited) @executable_path/Frameworks";
				LIBRARY_SEARCH_PATHS = (
					"$(inherited)",
					"$(PROJECT_DIR)/U/Third/UMessage_Sdk_1.5.0a",
				);
				OTHER_LDFLAGS = "$(inherited)";
				OTHER_SWIFT_FLAGS = "$(inherited) \"-D\" \"COCOAPODS\"";
				PRODUCT_BUNDLE_IDENTIFIER = com.BrooksWon.U;
				PRODUCT_NAME = "$(TARGET_NAME)";
				PROVISIONING_PROFILE = "";
				PROVISIONING_PROFILE_SPECIFIER = "";
				SWIFT_OBJC_BRIDGING_HEADER = "U/U-Bridging-Header.h";
				SWIFT_VERSION = 4.0;
				TARGETED_DEVICE_FAMILY = 1;
			};
			name = Release;
		};
/* End XCBuildConfiguration section */

/* Begin XCConfigurationList section */
		984B54661FF7A63300270327 /* Build configuration list for PBXNativeTarget "StickerPack" */ = {
			isa = XCConfigurationList;
			buildConfigurations = (
				984B54671FF7A63300270327 /* Debug */,
				984B54681FF7A63300270327 /* Release */,
			);
			defaultConfigurationIsVisible = 0;
			defaultConfigurationName = Release;
		};
		989397B81CD9BE4E00079DCF /* Build configuration list for PBXProject "U" */ = {
			isa = XCConfigurationList;
			buildConfigurations = (
				989397E31CD9BE4E00079DCF /* Debug */,
				989397E41CD9BE4E00079DCF /* Release */,
			);
			defaultConfigurationIsVisible = 0;
			defaultConfigurationName = Release;
		};
		989397E51CD9BE4E00079DCF /* Build configuration list for PBXNativeTarget "U" */ = {
			isa = XCConfigurationList;
			buildConfigurations = (
				989397E61CD9BE4E00079DCF /* Debug */,
				989397E71CD9BE4E00079DCF /* Release */,
			);
			defaultConfigurationIsVisible = 0;
			defaultConfigurationName = Release;
		};
/* End XCConfigurationList section */
	};
	rootObject = 989397B51CD9BE4E00079DCF /* Project object */;
}
